
Microsoft Visual Studio Solution File, Format Version 12.00
# Visual Studio 15
VisualStudioVersion = 15.0.27130.2036
MinimumVisualStudioVersion = 10.0.40219.1
Project("{FAE04EC0-301F-11D3-BF4B-00C04F79EFBC}") = "Shiba.UWP", "Shiba.UWP\Shiba.UWP.csproj", "{0ECE2838-DE51-461F-8386-75D7DE285D53}"
EndProject
Project("{FAE04EC0-301F-11D3-BF4B-00C04F79EFBC}") = "Shiba.WPF", "Shiba.WPF\Shiba.WPF.csproj", "{E8CAAADA-0F5D-4454-B942-BD5F7CE2BA33}"
EndProject
Project("{D954291E-2A0B-460D-934E-DC6B0785DB48}") = "Shiba.Shared", "Shiba.Shared\Shiba.Shared.shproj", "{6EDD8F89-C6A5-42F3-8701-DFB810C69C35}"
EndProject
Project("{2150E333-8FDC-42A3-9474-1A3956D46DE8}") = "Sample", "Sample", "{67E8AAE7-C4F1-4209-9696-D78A9A5427F5}"
EndProject
Project("{FAE04EC0-301F-11D3-BF4B-00C04F79EFBC}") = "Shiba.UWP.Sample", "Shiba.UWP.Sample\Shiba.UWP.Sample.csproj", "{F44681AD-EBAB-440E-820D-F12F2F62AC7F}"
EndProject
Project("{FAE04EC0-301F-11D3-BF4B-00C04F79EFBC}") = "Shiba.WPF.Sample", "Shiba.WPF.Sample\Shiba.WPF.Sample.csproj", "{C1C53173-786D-488C-B9AD-9EFAE29D3E86}"
EndProject
Project("{FAE04EC0-301F-11D3-BF4B-00C04F79EFBC}") = "Shiba.Test", "Shiba.Test\Shiba.Test.csproj", "{EC5AC778-5330-458B-B77A-468D7745F320}"
EndProject
Global
	GlobalSection(SharedMSBuildProjectFiles) = preSolution
		Shiba.Shared\Shiba.Shared.projitems*{0ece2838-de51-461f-8386-75d7de285d53}*SharedItemsImports = 4
		Shiba.Shared\Shiba.Shared.projitems*{6edd8f89-c6a5-42f3-8701-dfb810c69c35}*SharedItemsImports = 13
		Shiba.Shared\Shiba.Shared.projitems*{e8caaada-0f5d-4454-b942-bd5f7ce2ba33}*SharedItemsImports = 4
	EndGlobalSection
	GlobalSection(SolutionConfigurationPlatforms) = preSolution
		Debug|Any CPU = Debug|Any CPU
		Debug|ARM = Debug|ARM
		Debug|x64 = Debug|x64
		Debug|x86 = Debug|x86
		Release|Any CPU = Release|Any CPU
		Release|ARM = Release|ARM
		Release|x64 = Release|x64
		Release|x86 = Release|x86
	EndGlobalSection
	GlobalSection(ProjectConfigurationPlatforms) = postSolution
		{0ECE2838-DE51-461F-8386-75D7DE285D53}.Debug|Any CPU.ActiveCfg = Debug|Any CPU
		{0ECE2838-DE51-461F-8386-75D7DE285D53}.Debug|Any CPU.Build.0 = Debug|Any CPU
		{0ECE2838-DE51-461F-8386-75D7DE285D53}.Debug|ARM.ActiveCfg = Debug|ARM
		{0ECE2838-DE51-461F-8386-75D7DE285D53}.Debug|ARM.Build.0 = Debug|ARM
		{0ECE2838-DE51-461F-8386-75D7DE285D53}.Debug|x64.ActiveCfg = Debug|x64
		{0ECE2838-DE51-461F-8386-75D7DE285D53}.Debug|x64.Build.0 = Debug|x64
		{0ECE2838-DE51-461F-8386-75D7DE285D53}.Debug|x86.ActiveCfg = Debug|x86
		{0ECE2838-DE51-461F-8386-75D7DE285D53}.Debug|x86.Build.0 = Debug|x86
		{0ECE2838-DE51-461F-8386-75D7DE285D53}.Release|Any CPU.ActiveCfg = Release|Any CPU
		{0ECE2838-DE51-461F-8386-75D7DE285D53}.Release|Any CPU.Build.0 = Release|Any CPU
		{0ECE2838-DE51-461F-8386-75D7DE285D53}.Release|ARM.ActiveCfg = Release|ARM
		{0ECE2838-DE51-461F-8386-75D7DE285D53}.Release|ARM.Build.0 = Release|ARM
		{0ECE2838-DE51-461F-8386-75D7DE285D53}.Release|x64.ActiveCfg = Release|x64
		{0ECE2838-DE51-461F-8386-75D7DE285D53}.Release|x64.Build.0 = Release|x64
		{0ECE2838-DE51-461F-8386-75D7DE285D53}.Release|x86.ActiveCfg = Release|x86
		{0ECE2838-DE51-461F-8386-75D7DE285D53}.Release|x86.Build.0 = Release|x86
		{E8CAAADA-0F5D-4454-B942-BD5F7CE2BA33}.Debug|Any CPU.ActiveCfg = Debug|Any CPU
		{E8CAAADA-0F5D-4454-B942-BD5F7CE2BA33}.Debug|Any CPU.Build.0 = Debug|Any CPU
		{E8CAAADA-0F5D-4454-B942-BD5F7CE2BA33}.Debug|ARM.ActiveCfg = Debug|Any CPU
		{E8CAAADA-0F5D-4454-B942-BD5F7CE2BA33}.Debug|ARM.Build.0 = Debug|Any CPU
		{E8CAAADA-0F5D-4454-B942-BD5F7CE2BA33}.Debug|x64.ActiveCfg = Debug|Any CPU
		{E8CAAADA-0F5D-4454-B942-BD5F7CE2BA33}.Debug|x64.Build.0 = Debug|Any CPU
		{E8CAAADA-0F5D-4454-B942-BD5F7CE2BA33}.Debug|x86.ActiveCfg = Debug|Any CPU
		{E8CAAADA-0F5D-4454-B942-BD5F7CE2BA33}.Debug|x86.Build.0 = Debug|Any CPU
		{E8CAAADA-0F5D-4454-B942-BD5F7CE2BA33}.Release|Any CPU.ActiveCfg = Release|Any CPU
		{E8CAAADA-0F5D-4454-B942-BD5F7CE2BA33}.Release|Any CPU.Build.0 = Release|Any CPU
		{E8CAAADA-0F5D-4454-B942-BD5F7CE2BA33}.Release|ARM.ActiveCfg = Release|Any CPU
		{E8CAAADA-0F5D-4454-B942-BD5F7CE2BA33}.Release|ARM.Build.0 = Release|Any CPU
		{E8CAAADA-0F5D-4454-B942-BD5F7CE2BA33}.Release|x64.ActiveCfg = Release|Any CPU
		{E8CAAADA-0F5D-4454-B942-BD5F7CE2BA33}.Release|x64.Build.0 = Release|Any CPU
		{E8CAAADA-0F5D-4454-B942-BD5F7CE2BA33}.Release|x86.ActiveCfg = Release|Any CPU
		{E8CAAADA-0F5D-4454-B942-BD5F7CE2BA33}.Release|x86.Build.0 = Release|Any CPU
		{F44681AD-EBAB-440E-820D-F12F2F62AC7F}.Debug|Any CPU.ActiveCfg = Debug|x86
		{F44681AD-EBAB-440E-820D-F12F2F62AC7F}.Debug|ARM.ActiveCfg = Debug|ARM
		{F44681AD-EBAB-440E-820D-F12F2F62AC7F}.Debug|ARM.Build.0 = Debug|ARM
		{F44681AD-EBAB-440E-820D-F12F2F62AC7F}.Debug|ARM.Deploy.0 = Debug|ARM
		{F44681AD-EBAB-440E-820D-F12F2F62AC7F}.Debug|x64.ActiveCfg = Debug|x64
		{F44681AD-EBAB-440E-820D-F12F2F62AC7F}.Debug|x64.Build.0 = Debug|x64
		{F44681AD-EBAB-440E-820D-F12F2F62AC7F}.Debug|x64.Deploy.0 = Debug|x64
		{F44681AD-EBAB-440E-820D-F12F2F62AC7F}.Debug|x86.ActiveCfg = Debug|x86
		{F44681AD-EBAB-440E-820D-F12F2F62AC7F}.Debug|x86.Build.0 = Debug|x86
		{F44681AD-EBAB-440E-820D-F12F2F62AC7F}.Debug|x86.Deploy.0 = Debug|x86
		{F44681AD-EBAB-440E-820D-F12F2F62AC7F}.Release|Any CPU.ActiveCfg = Release|x86
		{F44681AD-EBAB-440E-820D-F12F2F62AC7F}.Release|ARM.ActiveCfg = Release|ARM
		{F44681AD-EBAB-440E-820D-F12F2F62AC7F}.Release|ARM.Build.0 = Release|ARM
		{F44681AD-EBAB-440E-820D-F12F2F62AC7F}.Release|ARM.Deploy.0 = Release|ARM
		{F44681AD-EBAB-440E-820D-F12F2F62AC7F}.Release|x64.ActiveCfg = Release|x64
		{F44681AD-EBAB-440E-820D-F12F2F62AC7F}.Release|x64.Build.0 = Release|x64
		{F44681AD-EBAB-440E-820D-F12F2F62AC7F}.Release|x64.Deploy.0 = Release|x64
		{F44681AD-EBAB-440E-820D-F12F2F62AC7F}.Release|x86.ActiveCfg = Release|x86
		{F44681AD-EBAB-440E-820D-F12F2F62AC7F}.Release|x86.Build.0 = Release|x86
		{F44681AD-EBAB-440E-820D-F12F2F62AC7F}.Release|x86.Deploy.0 = Release|x86
		{C1C53173-786D-488C-B9AD-9EFAE29D3E86}.Debug|Any CPU.ActiveCfg = Debug|Any CPU
		{C1C53173-786D-488C-B9AD-9EFAE29D3E86}.Debug|Any CPU.Build.0 = Debug|Any CPU
		{C1C53173-786D-488C-B9AD-9EFAE29D3E86}.Debug|ARM.ActiveCfg = Debug|Any CPU
		{C1C53173-786D-488C-B9AD-9EFAE29D3E86}.Debug|ARM.Build.0 = Debug|Any CPU
		{C1C53173-786D-488C-B9AD-9EFAE29D3E86}.Debug|x64.ActiveCfg = Debug|Any CPU
		{C1C53173-786D-488C-B9AD-9EFAE29D3E86}.Debug|x64.Build.0 = Debug|Any CPU
		{C1C53173-786D-488C-B9AD-9EFAE29D3E86}.Debug|x86.ActiveCfg = Debug|Any CPU
		{C1C53173-786D-488C-B9AD-9EFAE29D3E86}.Debug|x86.Build.0 = Debug|Any CPU
		{C1C53173-786D-488C-B9AD-9EFAE29D3E86}.Release|Any CPU.ActiveCfg = Release|Any CPU
		{C1C53173-786D-488C-B9AD-9EFAE29D3E86}.Release|Any CPU.Build.0 = Release|Any CPU
		{C1C53173-786D-488C-B9AD-9EFAE29D3E86}.Release|ARM.ActiveCfg = Release|Any CPU
		{C1C53173-786D-488C-B9AD-9EFAE29D3E86}.Release|ARM.Build.0 = Release|Any CPU
		{C1C53173-786D-488C-B9AD-9EFAE29D3E86}.Release|x64.ActiveCfg = Release|Any CPU
		{C1C53173-786D-488C-B9AD-9EFAE29D3E86}.Release|x64.Build.0 = Release|Any CPU
		{C1C53173-786D-488C-B9AD-9EFAE29D3E86}.Release|x86.ActiveCfg = Release|Any CPU
		{C1C53173-786D-488C-B9AD-9EFAE29D3E86}.Release|x86.Build.0 = Release|Any CPU
		{EC5AC778-5330-458B-B77A-468D7745F320}.Debug|Any CPU.ActiveCfg = Debug|Any CPU
		{EC5AC778-5330-458B-B77A-468D7745F320}.Debug|Any CPU.Build.0 = Debug|Any CPU
		{EC5AC778-5330-458B-B77A-468D7745F320}.Debug|ARM.ActiveCfg = Debug|Any CPU
		{EC5AC778-5330-458B-B77A-468D7745F320}.Debug|ARM.Build.0 = Debug|Any CPU
		{EC5AC778-5330-458B-B77A-468D7745F320}.Debug|x64.ActiveCfg = Debug|Any CPU
		{EC5AC778-5330-458B-B77A-468D7745F320}.Debug|x64.Build.0 = Debug|Any CPU
		{EC5AC778-5330-458B-B77A-468D7745F320}.Debug|x86.ActiveCfg = Debug|Any CPU
		{EC5AC778-5330-458B-B77A-468D7745F320}.Debug|x86.Build.0 = Debug|Any CPU
		{EC5AC778-5330-458B-B77A-468D7745F320}.Release|Any CPU.ActiveCfg = Release|Any CPU
		{EC5AC778-5330-458B-B77A-468D7745F320}.Release|Any CPU.Build.0 = Release|Any CPU
		{EC5AC778-5330-458B-B77A-468D7745F320}.Release|ARM.ActiveCfg = Release|Any CPU
		{EC5AC778-5330-458B-B77A-468D7745F320}.Release|ARM.Build.0 = Release|Any CPU
		{EC5AC778-5330-458B-B77A-468D7745F320}.Release|x64.ActiveCfg = Release|Any CPU
		{EC5AC778-5330-458B-B77A-468D7745F320}.Release|x64.Build.0 = Release|Any CPU
		{EC5AC778-5330-458B-B77A-468D7745F320}.Release|x86.ActiveCfg = Release|Any CPU
		{EC5AC778-5330-458B-B77A-468D7745F320}.Release|x86.Build.0 = Release|Any CPU
	EndGlobalSection
	GlobalSection(SolutionProperties) = preSolution
		HideSolutionNode = FALSE
	EndGlobalSection
	GlobalSection(NestedProjects) = preSolution
		{F44681AD-EBAB-440E-820D-F12F2F62AC7F} = {67E8AAE7-C4F1-4209-9696-D78A9A5427F5}
		{C1C53173-786D-488C-B9AD-9EFAE29D3E86} = {67E8AAE7-C4F1-4209-9696-D78A9A5427F5}
	EndGlobalSection
	GlobalSection(ExtensibilityGlobals) = postSolution
		SolutionGuid = {65D40355-54BF-4351-A85C-6A8D91B4E64D}
	EndGlobalSection
EndGlobal
