
Microsoft Visual Studio Solution File, Format Version 12.00
# Visual Studio 15
VisualStudioVersion = 15.0.27130.2036
MinimumVisualStudioVersion = 10.0.40219.1
Project("{FAE04EC0-301F-11D3-BF4B-00C04F79EFBC}") = "Shiba.UWP", "Shiba.UWP\Shiba.UWP.csproj", "{0ECE2838-DE51-461F-8386-75D7DE285D53}"
EndProject
Project("{2150E333-8FDC-42A3-9474-1A3956D46DE8}") = "Sample", "Sample", "{67E8AAE7-C4F1-4209-9696-D78A9A5427F5}"
EndProject
Project("{FAE04EC0-301F-11D3-BF4B-00C04F79EFBC}") = "Shiba.UWP.Sample", "Sample\Shiba.UWP.Sample\Shiba.UWP.Sample.csproj", "{F44681AD-EBAB-440E-820D-F12F2F62AC7F}"
EndProject
Project("{FAE04EC0-301F-11D3-BF4B-00C04F79EFBC}") = "Shiba.WPF.Sample", "Sample\Shiba.WPF.Sample\Shiba.WPF.Sample.csproj", "{C1C53173-786D-488C-B9AD-9EFAE29D3E86}"
EndProject
Project("{9A19103F-16F7-4668-BE54-9A1E7A4F7556}") = "Shiba.Test", "Shiba.Test\Shiba.Test.csproj", "{EC5AC778-5330-458B-B77A-468D7745F320}"
EndProject
Project("{D954291E-2A0B-460D-934E-DC6B0785DB48}") = "Shiba.Shared", "Shiba.Shared\Shiba.Shared.shproj", "{060EA7A7-CBB7-4534-9446-7E3634BC8605}"
EndProject
Project("{FAE04EC0-301F-11D3-BF4B-00C04F79EFBC}") = "Shiba.WPF", "Shiba.WPF\Shiba.WPF.csproj", "{FE732DB3-D266-4336-B3A6-DC8DEBAECE12}"
EndProject
Project("{9A19103F-16F7-4668-BE54-9A1E7A4F7556}") = "Shiba", "Shiba\Shiba.csproj", "{D0B763D5-A804-4822-BE17-4CF9D0B62488}"
EndProject
Project("{9A19103F-16F7-4668-BE54-9A1E7A4F7556}") = "Shiba.Forms", "Shiba.Forms\Shiba.Forms.csproj", "{D21B4D1E-39B8-4F5C-99AE-7EAD494401BF}"
EndProject
Project("{2150E333-8FDC-42A3-9474-1A3956D46DE8}") = "Forms", "Forms", "{20BC54F0-8191-4C65-872B-6F76E1D0D8A1}"
EndProject
Project("{FAE04EC0-301F-11D3-BF4B-00C04F79EFBC}") = "Shiba.Forms.Sample.Android", "Sample\Forms\Shiba.Forms.Sample.Android\Shiba.Forms.Sample.Android.csproj", "{AA91A3E4-F372-4D16-9C43-D0389FEE8600}"
EndProject
Project("{FAE04EC0-301F-11D3-BF4B-00C04F79EFBC}") = "Shiba.Forms.Sample.iOS", "Sample\Forms\Shiba.Forms.Sample.iOS\Shiba.Forms.Sample.iOS.csproj", "{593026C4-3B38-47D8-98BE-BFB5D0100119}"
EndProject
Project("{FAE04EC0-301F-11D3-BF4B-00C04F79EFBC}") = "Shiba.Forms.Sample.UWP", "Sample\Forms\Shiba.Forms.Sample.UWP\Shiba.Forms.Sample.UWP.csproj", "{13E53C9A-DAE6-400A-8AAC-4983A7929476}"
EndProject
Project("{9A19103F-16F7-4668-BE54-9A1E7A4F7556}") = "Shiba.Forms.Sample", "Sample\Forms\Shiba.Forms.Sample\Shiba.Forms.Sample.csproj", "{1AD06004-FBE9-40BB-B74F-C52FE16AF179}"
EndProject
Global
	GlobalSection(SharedMSBuildProjectFiles) = preSolution
		Shiba.Shared\Shiba.Shared.projitems*{060ea7a7-cbb7-4534-9446-7e3634bc8605}*SharedItemsImports = 13
		Shiba.Shared\Shiba.Shared.projitems*{0ece2838-de51-461f-8386-75d7de285d53}*SharedItemsImports = 4
		Shiba.Shared\Shiba.Shared.projitems*{fe732db3-d266-4336-b3a6-dc8debaece12}*SharedItemsImports = 4
	EndGlobalSection
	GlobalSection(SolutionConfigurationPlatforms) = preSolution
		Ad-Hoc|Any CPU = Ad-Hoc|Any CPU
		Ad-Hoc|ARM = Ad-Hoc|ARM
		Ad-Hoc|iPhone = Ad-Hoc|iPhone
		Ad-Hoc|iPhoneSimulator = Ad-Hoc|iPhoneSimulator
		Ad-Hoc|x64 = Ad-Hoc|x64
		Ad-Hoc|x86 = Ad-Hoc|x86
		AppStore|Any CPU = AppStore|Any CPU
		AppStore|ARM = AppStore|ARM
		AppStore|iPhone = AppStore|iPhone
		AppStore|iPhoneSimulator = AppStore|iPhoneSimulator
		AppStore|x64 = AppStore|x64
		AppStore|x86 = AppStore|x86
		Debug|Any CPU = Debug|Any CPU
		Debug|ARM = Debug|ARM
		Debug|iPhone = Debug|iPhone
		Debug|iPhoneSimulator = Debug|iPhoneSimulator
		Debug|x64 = Debug|x64
		Debug|x86 = Debug|x86
		Release|Any CPU = Release|Any CPU
		Release|ARM = Release|ARM
		Release|iPhone = Release|iPhone
		Release|iPhoneSimulator = Release|iPhoneSimulator
		Release|x64 = Release|x64
		Release|x86 = Release|x86
	EndGlobalSection
	GlobalSection(ProjectConfigurationPlatforms) = postSolution
		{0ECE2838-DE51-461F-8386-75D7DE285D53}.Ad-Hoc|Any CPU.ActiveCfg = Release|Any CPU
		{0ECE2838-DE51-461F-8386-75D7DE285D53}.Ad-Hoc|Any CPU.Build.0 = Release|Any CPU
		{0ECE2838-DE51-461F-8386-75D7DE285D53}.Ad-Hoc|ARM.ActiveCfg = Release|ARM
		{0ECE2838-DE51-461F-8386-75D7DE285D53}.Ad-Hoc|ARM.Build.0 = Release|ARM
		{0ECE2838-DE51-461F-8386-75D7DE285D53}.Ad-Hoc|iPhone.ActiveCfg = Release|Any CPU
		{0ECE2838-DE51-461F-8386-75D7DE285D53}.Ad-Hoc|iPhone.Build.0 = Release|Any CPU
		{0ECE2838-DE51-461F-8386-75D7DE285D53}.Ad-Hoc|iPhoneSimulator.ActiveCfg = Release|Any CPU
		{0ECE2838-DE51-461F-8386-75D7DE285D53}.Ad-Hoc|iPhoneSimulator.Build.0 = Release|Any CPU
		{0ECE2838-DE51-461F-8386-75D7DE285D53}.Ad-Hoc|x64.ActiveCfg = Release|x64
		{0ECE2838-DE51-461F-8386-75D7DE285D53}.Ad-Hoc|x64.Build.0 = Release|x64
		{0ECE2838-DE51-461F-8386-75D7DE285D53}.Ad-Hoc|x86.ActiveCfg = Release|x86
		{0ECE2838-DE51-461F-8386-75D7DE285D53}.Ad-Hoc|x86.Build.0 = Release|x86
		{0ECE2838-DE51-461F-8386-75D7DE285D53}.AppStore|Any CPU.ActiveCfg = Release|Any CPU
		{0ECE2838-DE51-461F-8386-75D7DE285D53}.AppStore|Any CPU.Build.0 = Release|Any CPU
		{0ECE2838-DE51-461F-8386-75D7DE285D53}.AppStore|ARM.ActiveCfg = Release|ARM
		{0ECE2838-DE51-461F-8386-75D7DE285D53}.AppStore|ARM.Build.0 = Release|ARM
		{0ECE2838-DE51-461F-8386-75D7DE285D53}.AppStore|iPhone.ActiveCfg = Release|Any CPU
		{0ECE2838-DE51-461F-8386-75D7DE285D53}.AppStore|iPhone.Build.0 = Release|Any CPU
		{0ECE2838-DE51-461F-8386-75D7DE285D53}.AppStore|iPhoneSimulator.ActiveCfg = Release|Any CPU
		{0ECE2838-DE51-461F-8386-75D7DE285D53}.AppStore|iPhoneSimulator.Build.0 = Release|Any CPU
		{0ECE2838-DE51-461F-8386-75D7DE285D53}.AppStore|x64.ActiveCfg = Release|x64
		{0ECE2838-DE51-461F-8386-75D7DE285D53}.AppStore|x64.Build.0 = Release|x64
		{0ECE2838-DE51-461F-8386-75D7DE285D53}.AppStore|x86.ActiveCfg = Release|x86
		{0ECE2838-DE51-461F-8386-75D7DE285D53}.AppStore|x86.Build.0 = Release|x86
		{0ECE2838-DE51-461F-8386-75D7DE285D53}.Debug|Any CPU.ActiveCfg = Debug|Any CPU
		{0ECE2838-DE51-461F-8386-75D7DE285D53}.Debug|Any CPU.Build.0 = Debug|Any CPU
		{0ECE2838-DE51-461F-8386-75D7DE285D53}.Debug|ARM.ActiveCfg = Debug|ARM
		{0ECE2838-DE51-461F-8386-75D7DE285D53}.Debug|ARM.Build.0 = Debug|ARM
		{0ECE2838-DE51-461F-8386-75D7DE285D53}.Debug|iPhone.ActiveCfg = Debug|Any CPU
		{0ECE2838-DE51-461F-8386-75D7DE285D53}.Debug|iPhone.Build.0 = Debug|Any CPU
		{0ECE2838-DE51-461F-8386-75D7DE285D53}.Debug|iPhoneSimulator.ActiveCfg = Debug|Any CPU
		{0ECE2838-DE51-461F-8386-75D7DE285D53}.Debug|iPhoneSimulator.Build.0 = Debug|Any CPU
		{0ECE2838-DE51-461F-8386-75D7DE285D53}.Debug|x64.ActiveCfg = Debug|x64
		{0ECE2838-DE51-461F-8386-75D7DE285D53}.Debug|x64.Build.0 = Debug|x64
		{0ECE2838-DE51-461F-8386-75D7DE285D53}.Debug|x86.ActiveCfg = Debug|x86
		{0ECE2838-DE51-461F-8386-75D7DE285D53}.Debug|x86.Build.0 = Debug|x86
		{0ECE2838-DE51-461F-8386-75D7DE285D53}.Release|Any CPU.ActiveCfg = Release|Any CPU
		{0ECE2838-DE51-461F-8386-75D7DE285D53}.Release|Any CPU.Build.0 = Release|Any CPU
		{0ECE2838-DE51-461F-8386-75D7DE285D53}.Release|ARM.ActiveCfg = Release|ARM
		{0ECE2838-DE51-461F-8386-75D7DE285D53}.Release|ARM.Build.0 = Release|ARM
		{0ECE2838-DE51-461F-8386-75D7DE285D53}.Release|iPhone.ActiveCfg = Release|Any CPU
		{0ECE2838-DE51-461F-8386-75D7DE285D53}.Release|iPhone.Build.0 = Release|Any CPU
		{0ECE2838-DE51-461F-8386-75D7DE285D53}.Release|iPhoneSimulator.ActiveCfg = Release|Any CPU
		{0ECE2838-DE51-461F-8386-75D7DE285D53}.Release|iPhoneSimulator.Build.0 = Release|Any CPU
		{0ECE2838-DE51-461F-8386-75D7DE285D53}.Release|x64.ActiveCfg = Release|x64
		{0ECE2838-DE51-461F-8386-75D7DE285D53}.Release|x64.Build.0 = Release|x64
		{0ECE2838-DE51-461F-8386-75D7DE285D53}.Release|x86.ActiveCfg = Release|x86
		{0ECE2838-DE51-461F-8386-75D7DE285D53}.Release|x86.Build.0 = Release|x86
		{F44681AD-EBAB-440E-820D-F12F2F62AC7F}.Ad-Hoc|Any CPU.ActiveCfg = Release|x64
		{F44681AD-EBAB-440E-820D-F12F2F62AC7F}.Ad-Hoc|Any CPU.Build.0 = Release|x64
		{F44681AD-EBAB-440E-820D-F12F2F62AC7F}.Ad-Hoc|Any CPU.Deploy.0 = Release|x64
		{F44681AD-EBAB-440E-820D-F12F2F62AC7F}.Ad-Hoc|ARM.ActiveCfg = Release|ARM
		{F44681AD-EBAB-440E-820D-F12F2F62AC7F}.Ad-Hoc|ARM.Build.0 = Release|ARM
		{F44681AD-EBAB-440E-820D-F12F2F62AC7F}.Ad-Hoc|ARM.Deploy.0 = Release|ARM
		{F44681AD-EBAB-440E-820D-F12F2F62AC7F}.Ad-Hoc|iPhone.ActiveCfg = Release|x64
		{F44681AD-EBAB-440E-820D-F12F2F62AC7F}.Ad-Hoc|iPhone.Build.0 = Release|x64
		{F44681AD-EBAB-440E-820D-F12F2F62AC7F}.Ad-Hoc|iPhone.Deploy.0 = Release|x64
		{F44681AD-EBAB-440E-820D-F12F2F62AC7F}.Ad-Hoc|iPhoneSimulator.ActiveCfg = Release|x64
		{F44681AD-EBAB-440E-820D-F12F2F62AC7F}.Ad-Hoc|iPhoneSimulator.Build.0 = Release|x64
		{F44681AD-EBAB-440E-820D-F12F2F62AC7F}.Ad-Hoc|iPhoneSimulator.Deploy.0 = Release|x64
		{F44681AD-EBAB-440E-820D-F12F2F62AC7F}.Ad-Hoc|x64.ActiveCfg = Release|x64
		{F44681AD-EBAB-440E-820D-F12F2F62AC7F}.Ad-Hoc|x64.Build.0 = Release|x64
		{F44681AD-EBAB-440E-820D-F12F2F62AC7F}.Ad-Hoc|x64.Deploy.0 = Release|x64
		{F44681AD-EBAB-440E-820D-F12F2F62AC7F}.Ad-Hoc|x86.ActiveCfg = Release|x86
		{F44681AD-EBAB-440E-820D-F12F2F62AC7F}.Ad-Hoc|x86.Build.0 = Release|x86
		{F44681AD-EBAB-440E-820D-F12F2F62AC7F}.Ad-Hoc|x86.Deploy.0 = Release|x86
		{F44681AD-EBAB-440E-820D-F12F2F62AC7F}.AppStore|Any CPU.ActiveCfg = Release|x64
		{F44681AD-EBAB-440E-820D-F12F2F62AC7F}.AppStore|Any CPU.Build.0 = Release|x64
		{F44681AD-EBAB-440E-820D-F12F2F62AC7F}.AppStore|Any CPU.Deploy.0 = Release|x64
		{F44681AD-EBAB-440E-820D-F12F2F62AC7F}.AppStore|ARM.ActiveCfg = Release|ARM
		{F44681AD-EBAB-440E-820D-F12F2F62AC7F}.AppStore|ARM.Build.0 = Release|ARM
		{F44681AD-EBAB-440E-820D-F12F2F62AC7F}.AppStore|ARM.Deploy.0 = Release|ARM
		{F44681AD-EBAB-440E-820D-F12F2F62AC7F}.AppStore|iPhone.ActiveCfg = Release|x64
		{F44681AD-EBAB-440E-820D-F12F2F62AC7F}.AppStore|iPhone.Build.0 = Release|x64
		{F44681AD-EBAB-440E-820D-F12F2F62AC7F}.AppStore|iPhone.Deploy.0 = Release|x64
		{F44681AD-EBAB-440E-820D-F12F2F62AC7F}.AppStore|iPhoneSimulator.ActiveCfg = Release|x64
		{F44681AD-EBAB-440E-820D-F12F2F62AC7F}.AppStore|iPhoneSimulator.Build.0 = Release|x64
		{F44681AD-EBAB-440E-820D-F12F2F62AC7F}.AppStore|iPhoneSimulator.Deploy.0 = Release|x64
		{F44681AD-EBAB-440E-820D-F12F2F62AC7F}.AppStore|x64.ActiveCfg = Release|x64
		{F44681AD-EBAB-440E-820D-F12F2F62AC7F}.AppStore|x64.Build.0 = Release|x64
		{F44681AD-EBAB-440E-820D-F12F2F62AC7F}.AppStore|x64.Deploy.0 = Release|x64
		{F44681AD-EBAB-440E-820D-F12F2F62AC7F}.AppStore|x86.ActiveCfg = Release|x86
		{F44681AD-EBAB-440E-820D-F12F2F62AC7F}.AppStore|x86.Build.0 = Release|x86
		{F44681AD-EBAB-440E-820D-F12F2F62AC7F}.AppStore|x86.Deploy.0 = Release|x86
		{F44681AD-EBAB-440E-820D-F12F2F62AC7F}.Debug|Any CPU.ActiveCfg = Debug|x86
		{F44681AD-EBAB-440E-820D-F12F2F62AC7F}.Debug|ARM.ActiveCfg = Debug|ARM
		{F44681AD-EBAB-440E-820D-F12F2F62AC7F}.Debug|ARM.Build.0 = Debug|ARM
		{F44681AD-EBAB-440E-820D-F12F2F62AC7F}.Debug|ARM.Deploy.0 = Debug|ARM
		{F44681AD-EBAB-440E-820D-F12F2F62AC7F}.Debug|iPhone.ActiveCfg = Debug|x86
		{F44681AD-EBAB-440E-820D-F12F2F62AC7F}.Debug|iPhoneSimulator.ActiveCfg = Debug|x86
		{F44681AD-EBAB-440E-820D-F12F2F62AC7F}.Debug|x64.ActiveCfg = Debug|x64
		{F44681AD-EBAB-440E-820D-F12F2F62AC7F}.Debug|x64.Build.0 = Debug|x64
		{F44681AD-EBAB-440E-820D-F12F2F62AC7F}.Debug|x64.Deploy.0 = Debug|x64
		{F44681AD-EBAB-440E-820D-F12F2F62AC7F}.Debug|x86.ActiveCfg = Debug|x86
		{F44681AD-EBAB-440E-820D-F12F2F62AC7F}.Debug|x86.Build.0 = Debug|x86
		{F44681AD-EBAB-440E-820D-F12F2F62AC7F}.Debug|x86.Deploy.0 = Debug|x86
		{F44681AD-EBAB-440E-820D-F12F2F62AC7F}.Release|Any CPU.ActiveCfg = Release|x86
		{F44681AD-EBAB-440E-820D-F12F2F62AC7F}.Release|ARM.ActiveCfg = Release|ARM
		{F44681AD-EBAB-440E-820D-F12F2F62AC7F}.Release|ARM.Build.0 = Release|ARM
		{F44681AD-EBAB-440E-820D-F12F2F62AC7F}.Release|ARM.Deploy.0 = Release|ARM
		{F44681AD-EBAB-440E-820D-F12F2F62AC7F}.Release|iPhone.ActiveCfg = Release|x86
		{F44681AD-EBAB-440E-820D-F12F2F62AC7F}.Release|iPhoneSimulator.ActiveCfg = Release|x86
		{F44681AD-EBAB-440E-820D-F12F2F62AC7F}.Release|x64.ActiveCfg = Release|x64
		{F44681AD-EBAB-440E-820D-F12F2F62AC7F}.Release|x64.Build.0 = Release|x64
		{F44681AD-EBAB-440E-820D-F12F2F62AC7F}.Release|x64.Deploy.0 = Release|x64
		{F44681AD-EBAB-440E-820D-F12F2F62AC7F}.Release|x86.ActiveCfg = Release|x86
		{F44681AD-EBAB-440E-820D-F12F2F62AC7F}.Release|x86.Build.0 = Release|x86
		{F44681AD-EBAB-440E-820D-F12F2F62AC7F}.Release|x86.Deploy.0 = Release|x86
		{C1C53173-786D-488C-B9AD-9EFAE29D3E86}.Ad-Hoc|Any CPU.ActiveCfg = Release|Any CPU
		{C1C53173-786D-488C-B9AD-9EFAE29D3E86}.Ad-Hoc|Any CPU.Build.0 = Release|Any CPU
		{C1C53173-786D-488C-B9AD-9EFAE29D3E86}.Ad-Hoc|ARM.ActiveCfg = Release|Any CPU
		{C1C53173-786D-488C-B9AD-9EFAE29D3E86}.Ad-Hoc|ARM.Build.0 = Release|Any CPU
		{C1C53173-786D-488C-B9AD-9EFAE29D3E86}.Ad-Hoc|iPhone.ActiveCfg = Release|Any CPU
		{C1C53173-786D-488C-B9AD-9EFAE29D3E86}.Ad-Hoc|iPhone.Build.0 = Release|Any CPU
		{C1C53173-786D-488C-B9AD-9EFAE29D3E86}.Ad-Hoc|iPhoneSimulator.ActiveCfg = Release|Any CPU
		{C1C53173-786D-488C-B9AD-9EFAE29D3E86}.Ad-Hoc|iPhoneSimulator.Build.0 = Release|Any CPU
		{C1C53173-786D-488C-B9AD-9EFAE29D3E86}.Ad-Hoc|x64.ActiveCfg = Release|Any CPU
		{C1C53173-786D-488C-B9AD-9EFAE29D3E86}.Ad-Hoc|x64.Build.0 = Release|Any CPU
		{C1C53173-786D-488C-B9AD-9EFAE29D3E86}.Ad-Hoc|x86.ActiveCfg = Release|Any CPU
		{C1C53173-786D-488C-B9AD-9EFAE29D3E86}.Ad-Hoc|x86.Build.0 = Release|Any CPU
		{C1C53173-786D-488C-B9AD-9EFAE29D3E86}.AppStore|Any CPU.ActiveCfg = Release|Any CPU
		{C1C53173-786D-488C-B9AD-9EFAE29D3E86}.AppStore|Any CPU.Build.0 = Release|Any CPU
		{C1C53173-786D-488C-B9AD-9EFAE29D3E86}.AppStore|ARM.ActiveCfg = Release|Any CPU
		{C1C53173-786D-488C-B9AD-9EFAE29D3E86}.AppStore|ARM.Build.0 = Release|Any CPU
		{C1C53173-786D-488C-B9AD-9EFAE29D3E86}.AppStore|iPhone.ActiveCfg = Release|Any CPU
		{C1C53173-786D-488C-B9AD-9EFAE29D3E86}.AppStore|iPhone.Build.0 = Release|Any CPU
		{C1C53173-786D-488C-B9AD-9EFAE29D3E86}.AppStore|iPhoneSimulator.ActiveCfg = Release|Any CPU
		{C1C53173-786D-488C-B9AD-9EFAE29D3E86}.AppStore|iPhoneSimulator.Build.0 = Release|Any CPU
		{C1C53173-786D-488C-B9AD-9EFAE29D3E86}.AppStore|x64.ActiveCfg = Release|Any CPU
		{C1C53173-786D-488C-B9AD-9EFAE29D3E86}.AppStore|x64.Build.0 = Release|Any CPU
		{C1C53173-786D-488C-B9AD-9EFAE29D3E86}.AppStore|x86.ActiveCfg = Release|Any CPU
		{C1C53173-786D-488C-B9AD-9EFAE29D3E86}.AppStore|x86.Build.0 = Release|Any CPU
		{C1C53173-786D-488C-B9AD-9EFAE29D3E86}.Debug|Any CPU.ActiveCfg = Debug|Any CPU
		{C1C53173-786D-488C-B9AD-9EFAE29D3E86}.Debug|Any CPU.Build.0 = Debug|Any CPU
		{C1C53173-786D-488C-B9AD-9EFAE29D3E86}.Debug|ARM.ActiveCfg = Debug|Any CPU
		{C1C53173-786D-488C-B9AD-9EFAE29D3E86}.Debug|ARM.Build.0 = Debug|Any CPU
		{C1C53173-786D-488C-B9AD-9EFAE29D3E86}.Debug|iPhone.ActiveCfg = Debug|Any CPU
		{C1C53173-786D-488C-B9AD-9EFAE29D3E86}.Debug|iPhone.Build.0 = Debug|Any CPU
		{C1C53173-786D-488C-B9AD-9EFAE29D3E86}.Debug|iPhoneSimulator.ActiveCfg = Debug|Any CPU
		{C1C53173-786D-488C-B9AD-9EFAE29D3E86}.Debug|iPhoneSimulator.Build.0 = Debug|Any CPU
		{C1C53173-786D-488C-B9AD-9EFAE29D3E86}.Debug|x64.ActiveCfg = Debug|Any CPU
		{C1C53173-786D-488C-B9AD-9EFAE29D3E86}.Debug|x64.Build.0 = Debug|Any CPU
		{C1C53173-786D-488C-B9AD-9EFAE29D3E86}.Debug|x86.ActiveCfg = Debug|Any CPU
		{C1C53173-786D-488C-B9AD-9EFAE29D3E86}.Debug|x86.Build.0 = Debug|Any CPU
		{C1C53173-786D-488C-B9AD-9EFAE29D3E86}.Release|Any CPU.ActiveCfg = Release|Any CPU
		{C1C53173-786D-488C-B9AD-9EFAE29D3E86}.Release|Any CPU.Build.0 = Release|Any CPU
		{C1C53173-786D-488C-B9AD-9EFAE29D3E86}.Release|ARM.ActiveCfg = Release|Any CPU
		{C1C53173-786D-488C-B9AD-9EFAE29D3E86}.Release|ARM.Build.0 = Release|Any CPU
		{C1C53173-786D-488C-B9AD-9EFAE29D3E86}.Release|iPhone.ActiveCfg = Release|Any CPU
		{C1C53173-786D-488C-B9AD-9EFAE29D3E86}.Release|iPhone.Build.0 = Release|Any CPU
		{C1C53173-786D-488C-B9AD-9EFAE29D3E86}.Release|iPhoneSimulator.ActiveCfg = Release|Any CPU
		{C1C53173-786D-488C-B9AD-9EFAE29D3E86}.Release|iPhoneSimulator.Build.0 = Release|Any CPU
		{C1C53173-786D-488C-B9AD-9EFAE29D3E86}.Release|x64.ActiveCfg = Release|Any CPU
		{C1C53173-786D-488C-B9AD-9EFAE29D3E86}.Release|x64.Build.0 = Release|Any CPU
		{C1C53173-786D-488C-B9AD-9EFAE29D3E86}.Release|x86.ActiveCfg = Release|Any CPU
		{C1C53173-786D-488C-B9AD-9EFAE29D3E86}.Release|x86.Build.0 = Release|Any CPU
		{EC5AC778-5330-458B-B77A-468D7745F320}.Ad-Hoc|Any CPU.ActiveCfg = Release|Any CPU
		{EC5AC778-5330-458B-B77A-468D7745F320}.Ad-Hoc|Any CPU.Build.0 = Release|Any CPU
		{EC5AC778-5330-458B-B77A-468D7745F320}.Ad-Hoc|ARM.ActiveCfg = Release|Any CPU
		{EC5AC778-5330-458B-B77A-468D7745F320}.Ad-Hoc|ARM.Build.0 = Release|Any CPU
		{EC5AC778-5330-458B-B77A-468D7745F320}.Ad-Hoc|iPhone.ActiveCfg = Release|Any CPU
		{EC5AC778-5330-458B-B77A-468D7745F320}.Ad-Hoc|iPhone.Build.0 = Release|Any CPU
		{EC5AC778-5330-458B-B77A-468D7745F320}.Ad-Hoc|iPhoneSimulator.ActiveCfg = Release|Any CPU
		{EC5AC778-5330-458B-B77A-468D7745F320}.Ad-Hoc|iPhoneSimulator.Build.0 = Release|Any CPU
		{EC5AC778-5330-458B-B77A-468D7745F320}.Ad-Hoc|x64.ActiveCfg = Release|Any CPU
		{EC5AC778-5330-458B-B77A-468D7745F320}.Ad-Hoc|x64.Build.0 = Release|Any CPU
		{EC5AC778-5330-458B-B77A-468D7745F320}.Ad-Hoc|x86.ActiveCfg = Release|Any CPU
		{EC5AC778-5330-458B-B77A-468D7745F320}.Ad-Hoc|x86.Build.0 = Release|Any CPU
		{EC5AC778-5330-458B-B77A-468D7745F320}.AppStore|Any CPU.ActiveCfg = Release|Any CPU
		{EC5AC778-5330-458B-B77A-468D7745F320}.AppStore|Any CPU.Build.0 = Release|Any CPU
		{EC5AC778-5330-458B-B77A-468D7745F320}.AppStore|ARM.ActiveCfg = Release|Any CPU
		{EC5AC778-5330-458B-B77A-468D7745F320}.AppStore|ARM.Build.0 = Release|Any CPU
		{EC5AC778-5330-458B-B77A-468D7745F320}.AppStore|iPhone.ActiveCfg = Release|Any CPU
		{EC5AC778-5330-458B-B77A-468D7745F320}.AppStore|iPhone.Build.0 = Release|Any CPU
		{EC5AC778-5330-458B-B77A-468D7745F320}.AppStore|iPhoneSimulator.ActiveCfg = Release|Any CPU
		{EC5AC778-5330-458B-B77A-468D7745F320}.AppStore|iPhoneSimulator.Build.0 = Release|Any CPU
		{EC5AC778-5330-458B-B77A-468D7745F320}.AppStore|x64.ActiveCfg = Release|Any CPU
		{EC5AC778-5330-458B-B77A-468D7745F320}.AppStore|x64.Build.0 = Release|Any CPU
		{EC5AC778-5330-458B-B77A-468D7745F320}.AppStore|x86.ActiveCfg = Release|Any CPU
		{EC5AC778-5330-458B-B77A-468D7745F320}.AppStore|x86.Build.0 = Release|Any CPU
		{EC5AC778-5330-458B-B77A-468D7745F320}.Debug|Any CPU.ActiveCfg = Debug|Any CPU
		{EC5AC778-5330-458B-B77A-468D7745F320}.Debug|Any CPU.Build.0 = Debug|Any CPU
		{EC5AC778-5330-458B-B77A-468D7745F320}.Debug|ARM.ActiveCfg = Debug|Any CPU
		{EC5AC778-5330-458B-B77A-468D7745F320}.Debug|ARM.Build.0 = Debug|Any CPU
		{EC5AC778-5330-458B-B77A-468D7745F320}.Debug|iPhone.ActiveCfg = Debug|Any CPU
		{EC5AC778-5330-458B-B77A-468D7745F320}.Debug|iPhone.Build.0 = Debug|Any CPU
		{EC5AC778-5330-458B-B77A-468D7745F320}.Debug|iPhoneSimulator.ActiveCfg = Debug|Any CPU
		{EC5AC778-5330-458B-B77A-468D7745F320}.Debug|iPhoneSimulator.Build.0 = Debug|Any CPU
		{EC5AC778-5330-458B-B77A-468D7745F320}.Debug|x64.ActiveCfg = Debug|Any CPU
		{EC5AC778-5330-458B-B77A-468D7745F320}.Debug|x64.Build.0 = Debug|Any CPU
		{EC5AC778-5330-458B-B77A-468D7745F320}.Debug|x86.ActiveCfg = Debug|Any CPU
		{EC5AC778-5330-458B-B77A-468D7745F320}.Debug|x86.Build.0 = Debug|Any CPU
		{EC5AC778-5330-458B-B77A-468D7745F320}.Release|Any CPU.ActiveCfg = Release|Any CPU
		{EC5AC778-5330-458B-B77A-468D7745F320}.Release|Any CPU.Build.0 = Release|Any CPU
		{EC5AC778-5330-458B-B77A-468D7745F320}.Release|ARM.ActiveCfg = Release|Any CPU
		{EC5AC778-5330-458B-B77A-468D7745F320}.Release|ARM.Build.0 = Release|Any CPU
		{EC5AC778-5330-458B-B77A-468D7745F320}.Release|iPhone.ActiveCfg = Release|Any CPU
		{EC5AC778-5330-458B-B77A-468D7745F320}.Release|iPhone.Build.0 = Release|Any CPU
		{EC5AC778-5330-458B-B77A-468D7745F320}.Release|iPhoneSimulator.ActiveCfg = Release|Any CPU
		{EC5AC778-5330-458B-B77A-468D7745F320}.Release|iPhoneSimulator.Build.0 = Release|Any CPU
		{EC5AC778-5330-458B-B77A-468D7745F320}.Release|x64.ActiveCfg = Release|Any CPU
		{EC5AC778-5330-458B-B77A-468D7745F320}.Release|x64.Build.0 = Release|Any CPU
		{EC5AC778-5330-458B-B77A-468D7745F320}.Release|x86.ActiveCfg = Release|Any CPU
		{EC5AC778-5330-458B-B77A-468D7745F320}.Release|x86.Build.0 = Release|Any CPU
		{FE732DB3-D266-4336-B3A6-DC8DEBAECE12}.Ad-Hoc|Any CPU.ActiveCfg = Release|Any CPU
		{FE732DB3-D266-4336-B3A6-DC8DEBAECE12}.Ad-Hoc|Any CPU.Build.0 = Release|Any CPU
		{FE732DB3-D266-4336-B3A6-DC8DEBAECE12}.Ad-Hoc|ARM.ActiveCfg = Release|Any CPU
		{FE732DB3-D266-4336-B3A6-DC8DEBAECE12}.Ad-Hoc|ARM.Build.0 = Release|Any CPU
		{FE732DB3-D266-4336-B3A6-DC8DEBAECE12}.Ad-Hoc|iPhone.ActiveCfg = Release|Any CPU
		{FE732DB3-D266-4336-B3A6-DC8DEBAECE12}.Ad-Hoc|iPhone.Build.0 = Release|Any CPU
		{FE732DB3-D266-4336-B3A6-DC8DEBAECE12}.Ad-Hoc|iPhoneSimulator.ActiveCfg = Release|Any CPU
		{FE732DB3-D266-4336-B3A6-DC8DEBAECE12}.Ad-Hoc|iPhoneSimulator.Build.0 = Release|Any CPU
		{FE732DB3-D266-4336-B3A6-DC8DEBAECE12}.Ad-Hoc|x64.ActiveCfg = Release|Any CPU
		{FE732DB3-D266-4336-B3A6-DC8DEBAECE12}.Ad-Hoc|x64.Build.0 = Release|Any CPU
		{FE732DB3-D266-4336-B3A6-DC8DEBAECE12}.Ad-Hoc|x86.ActiveCfg = Release|Any CPU
		{FE732DB3-D266-4336-B3A6-DC8DEBAECE12}.Ad-Hoc|x86.Build.0 = Release|Any CPU
		{FE732DB3-D266-4336-B3A6-DC8DEBAECE12}.AppStore|Any CPU.ActiveCfg = Release|Any CPU
		{FE732DB3-D266-4336-B3A6-DC8DEBAECE12}.AppStore|Any CPU.Build.0 = Release|Any CPU
		{FE732DB3-D266-4336-B3A6-DC8DEBAECE12}.AppStore|ARM.ActiveCfg = Release|Any CPU
		{FE732DB3-D266-4336-B3A6-DC8DEBAECE12}.AppStore|ARM.Build.0 = Release|Any CPU
		{FE732DB3-D266-4336-B3A6-DC8DEBAECE12}.AppStore|iPhone.ActiveCfg = Release|Any CPU
		{FE732DB3-D266-4336-B3A6-DC8DEBAECE12}.AppStore|iPhone.Build.0 = Release|Any CPU
		{FE732DB3-D266-4336-B3A6-DC8DEBAECE12}.AppStore|iPhoneSimulator.ActiveCfg = Release|Any CPU
		{FE732DB3-D266-4336-B3A6-DC8DEBAECE12}.AppStore|iPhoneSimulator.Build.0 = Release|Any CPU
		{FE732DB3-D266-4336-B3A6-DC8DEBAECE12}.AppStore|x64.ActiveCfg = Release|Any CPU
		{FE732DB3-D266-4336-B3A6-DC8DEBAECE12}.AppStore|x64.Build.0 = Release|Any CPU
		{FE732DB3-D266-4336-B3A6-DC8DEBAECE12}.AppStore|x86.ActiveCfg = Release|Any CPU
		{FE732DB3-D266-4336-B3A6-DC8DEBAECE12}.AppStore|x86.Build.0 = Release|Any CPU
		{FE732DB3-D266-4336-B3A6-DC8DEBAECE12}.Debug|Any CPU.ActiveCfg = Debug|Any CPU
		{FE732DB3-D266-4336-B3A6-DC8DEBAECE12}.Debug|Any CPU.Build.0 = Debug|Any CPU
		{FE732DB3-D266-4336-B3A6-DC8DEBAECE12}.Debug|ARM.ActiveCfg = Debug|Any CPU
		{FE732DB3-D266-4336-B3A6-DC8DEBAECE12}.Debug|ARM.Build.0 = Debug|Any CPU
		{FE732DB3-D266-4336-B3A6-DC8DEBAECE12}.Debug|iPhone.ActiveCfg = Debug|Any CPU
		{FE732DB3-D266-4336-B3A6-DC8DEBAECE12}.Debug|iPhone.Build.0 = Debug|Any CPU
		{FE732DB3-D266-4336-B3A6-DC8DEBAECE12}.Debug|iPhoneSimulator.ActiveCfg = Debug|Any CPU
		{FE732DB3-D266-4336-B3A6-DC8DEBAECE12}.Debug|iPhoneSimulator.Build.0 = Debug|Any CPU
		{FE732DB3-D266-4336-B3A6-DC8DEBAECE12}.Debug|x64.ActiveCfg = Debug|Any CPU
		{FE732DB3-D266-4336-B3A6-DC8DEBAECE12}.Debug|x64.Build.0 = Debug|Any CPU
		{FE732DB3-D266-4336-B3A6-DC8DEBAECE12}.Debug|x86.ActiveCfg = Debug|Any CPU
		{FE732DB3-D266-4336-B3A6-DC8DEBAECE12}.Debug|x86.Build.0 = Debug|Any CPU
		{FE732DB3-D266-4336-B3A6-DC8DEBAECE12}.Release|Any CPU.ActiveCfg = Release|Any CPU
		{FE732DB3-D266-4336-B3A6-DC8DEBAECE12}.Release|Any CPU.Build.0 = Release|Any CPU
		{FE732DB3-D266-4336-B3A6-DC8DEBAECE12}.Release|ARM.ActiveCfg = Release|Any CPU
		{FE732DB3-D266-4336-B3A6-DC8DEBAECE12}.Release|ARM.Build.0 = Release|Any CPU
		{FE732DB3-D266-4336-B3A6-DC8DEBAECE12}.Release|iPhone.ActiveCfg = Release|Any CPU
		{FE732DB3-D266-4336-B3A6-DC8DEBAECE12}.Release|iPhone.Build.0 = Release|Any CPU
		{FE732DB3-D266-4336-B3A6-DC8DEBAECE12}.Release|iPhoneSimulator.ActiveCfg = Release|Any CPU
		{FE732DB3-D266-4336-B3A6-DC8DEBAECE12}.Release|iPhoneSimulator.Build.0 = Release|Any CPU
		{FE732DB3-D266-4336-B3A6-DC8DEBAECE12}.Release|x64.ActiveCfg = Release|Any CPU
		{FE732DB3-D266-4336-B3A6-DC8DEBAECE12}.Release|x64.Build.0 = Release|Any CPU
		{FE732DB3-D266-4336-B3A6-DC8DEBAECE12}.Release|x86.ActiveCfg = Release|Any CPU
		{FE732DB3-D266-4336-B3A6-DC8DEBAECE12}.Release|x86.Build.0 = Release|Any CPU
		{D0B763D5-A804-4822-BE17-4CF9D0B62488}.Ad-Hoc|Any CPU.ActiveCfg = Release|Any CPU
		{D0B763D5-A804-4822-BE17-4CF9D0B62488}.Ad-Hoc|Any CPU.Build.0 = Release|Any CPU
		{D0B763D5-A804-4822-BE17-4CF9D0B62488}.Ad-Hoc|ARM.ActiveCfg = Release|Any CPU
		{D0B763D5-A804-4822-BE17-4CF9D0B62488}.Ad-Hoc|ARM.Build.0 = Release|Any CPU
		{D0B763D5-A804-4822-BE17-4CF9D0B62488}.Ad-Hoc|iPhone.ActiveCfg = Release|Any CPU
		{D0B763D5-A804-4822-BE17-4CF9D0B62488}.Ad-Hoc|iPhone.Build.0 = Release|Any CPU
		{D0B763D5-A804-4822-BE17-4CF9D0B62488}.Ad-Hoc|iPhoneSimulator.ActiveCfg = Release|Any CPU
		{D0B763D5-A804-4822-BE17-4CF9D0B62488}.Ad-Hoc|iPhoneSimulator.Build.0 = Release|Any CPU
		{D0B763D5-A804-4822-BE17-4CF9D0B62488}.Ad-Hoc|x64.ActiveCfg = Release|Any CPU
		{D0B763D5-A804-4822-BE17-4CF9D0B62488}.Ad-Hoc|x64.Build.0 = Release|Any CPU
		{D0B763D5-A804-4822-BE17-4CF9D0B62488}.Ad-Hoc|x86.ActiveCfg = Release|Any CPU
		{D0B763D5-A804-4822-BE17-4CF9D0B62488}.Ad-Hoc|x86.Build.0 = Release|Any CPU
		{D0B763D5-A804-4822-BE17-4CF9D0B62488}.AppStore|Any CPU.ActiveCfg = Release|Any CPU
		{D0B763D5-A804-4822-BE17-4CF9D0B62488}.AppStore|Any CPU.Build.0 = Release|Any CPU
		{D0B763D5-A804-4822-BE17-4CF9D0B62488}.AppStore|ARM.ActiveCfg = Release|Any CPU
		{D0B763D5-A804-4822-BE17-4CF9D0B62488}.AppStore|ARM.Build.0 = Release|Any CPU
		{D0B763D5-A804-4822-BE17-4CF9D0B62488}.AppStore|iPhone.ActiveCfg = Release|Any CPU
		{D0B763D5-A804-4822-BE17-4CF9D0B62488}.AppStore|iPhone.Build.0 = Release|Any CPU
		{D0B763D5-A804-4822-BE17-4CF9D0B62488}.AppStore|iPhoneSimulator.ActiveCfg = Release|Any CPU
		{D0B763D5-A804-4822-BE17-4CF9D0B62488}.AppStore|iPhoneSimulator.Build.0 = Release|Any CPU
		{D0B763D5-A804-4822-BE17-4CF9D0B62488}.AppStore|x64.ActiveCfg = Release|Any CPU
		{D0B763D5-A804-4822-BE17-4CF9D0B62488}.AppStore|x64.Build.0 = Release|Any CPU
		{D0B763D5-A804-4822-BE17-4CF9D0B62488}.AppStore|x86.ActiveCfg = Release|Any CPU
		{D0B763D5-A804-4822-BE17-4CF9D0B62488}.AppStore|x86.Build.0 = Release|Any CPU
		{D0B763D5-A804-4822-BE17-4CF9D0B62488}.Debug|Any CPU.ActiveCfg = Debug|Any CPU
		{D0B763D5-A804-4822-BE17-4CF9D0B62488}.Debug|Any CPU.Build.0 = Debug|Any CPU
		{D0B763D5-A804-4822-BE17-4CF9D0B62488}.Debug|ARM.ActiveCfg = Debug|Any CPU
		{D0B763D5-A804-4822-BE17-4CF9D0B62488}.Debug|ARM.Build.0 = Debug|Any CPU
		{D0B763D5-A804-4822-BE17-4CF9D0B62488}.Debug|iPhone.ActiveCfg = Debug|Any CPU
		{D0B763D5-A804-4822-BE17-4CF9D0B62488}.Debug|iPhone.Build.0 = Debug|Any CPU
		{D0B763D5-A804-4822-BE17-4CF9D0B62488}.Debug|iPhoneSimulator.ActiveCfg = Debug|Any CPU
		{D0B763D5-A804-4822-BE17-4CF9D0B62488}.Debug|iPhoneSimulator.Build.0 = Debug|Any CPU
		{D0B763D5-A804-4822-BE17-4CF9D0B62488}.Debug|x64.ActiveCfg = Debug|Any CPU
		{D0B763D5-A804-4822-BE17-4CF9D0B62488}.Debug|x64.Build.0 = Debug|Any CPU
		{D0B763D5-A804-4822-BE17-4CF9D0B62488}.Debug|x86.ActiveCfg = Debug|Any CPU
		{D0B763D5-A804-4822-BE17-4CF9D0B62488}.Debug|x86.Build.0 = Debug|Any CPU
		{D0B763D5-A804-4822-BE17-4CF9D0B62488}.Release|Any CPU.ActiveCfg = Release|Any CPU
		{D0B763D5-A804-4822-BE17-4CF9D0B62488}.Release|Any CPU.Build.0 = Release|Any CPU
		{D0B763D5-A804-4822-BE17-4CF9D0B62488}.Release|ARM.ActiveCfg = Release|Any CPU
		{D0B763D5-A804-4822-BE17-4CF9D0B62488}.Release|ARM.Build.0 = Release|Any CPU
		{D0B763D5-A804-4822-BE17-4CF9D0B62488}.Release|iPhone.ActiveCfg = Release|Any CPU
		{D0B763D5-A804-4822-BE17-4CF9D0B62488}.Release|iPhone.Build.0 = Release|Any CPU
		{D0B763D5-A804-4822-BE17-4CF9D0B62488}.Release|iPhoneSimulator.ActiveCfg = Release|Any CPU
		{D0B763D5-A804-4822-BE17-4CF9D0B62488}.Release|iPhoneSimulator.Build.0 = Release|Any CPU
		{D0B763D5-A804-4822-BE17-4CF9D0B62488}.Release|x64.ActiveCfg = Release|Any CPU
		{D0B763D5-A804-4822-BE17-4CF9D0B62488}.Release|x64.Build.0 = Release|Any CPU
		{D0B763D5-A804-4822-BE17-4CF9D0B62488}.Release|x86.ActiveCfg = Release|Any CPU
		{D0B763D5-A804-4822-BE17-4CF9D0B62488}.Release|x86.Build.0 = Release|Any CPU
		{D21B4D1E-39B8-4F5C-99AE-7EAD494401BF}.Ad-Hoc|Any CPU.ActiveCfg = Release|Any CPU
		{D21B4D1E-39B8-4F5C-99AE-7EAD494401BF}.Ad-Hoc|Any CPU.Build.0 = Release|Any CPU
		{D21B4D1E-39B8-4F5C-99AE-7EAD494401BF}.Ad-Hoc|ARM.ActiveCfg = Release|Any CPU
		{D21B4D1E-39B8-4F5C-99AE-7EAD494401BF}.Ad-Hoc|ARM.Build.0 = Release|Any CPU
		{D21B4D1E-39B8-4F5C-99AE-7EAD494401BF}.Ad-Hoc|iPhone.ActiveCfg = Release|Any CPU
		{D21B4D1E-39B8-4F5C-99AE-7EAD494401BF}.Ad-Hoc|iPhone.Build.0 = Release|Any CPU
		{D21B4D1E-39B8-4F5C-99AE-7EAD494401BF}.Ad-Hoc|iPhoneSimulator.ActiveCfg = Release|Any CPU
		{D21B4D1E-39B8-4F5C-99AE-7EAD494401BF}.Ad-Hoc|iPhoneSimulator.Build.0 = Release|Any CPU
		{D21B4D1E-39B8-4F5C-99AE-7EAD494401BF}.Ad-Hoc|x64.ActiveCfg = Release|Any CPU
		{D21B4D1E-39B8-4F5C-99AE-7EAD494401BF}.Ad-Hoc|x64.Build.0 = Release|Any CPU
		{D21B4D1E-39B8-4F5C-99AE-7EAD494401BF}.Ad-Hoc|x86.ActiveCfg = Release|Any CPU
		{D21B4D1E-39B8-4F5C-99AE-7EAD494401BF}.Ad-Hoc|x86.Build.0 = Release|Any CPU
		{D21B4D1E-39B8-4F5C-99AE-7EAD494401BF}.AppStore|Any CPU.ActiveCfg = Release|Any CPU
		{D21B4D1E-39B8-4F5C-99AE-7EAD494401BF}.AppStore|Any CPU.Build.0 = Release|Any CPU
		{D21B4D1E-39B8-4F5C-99AE-7EAD494401BF}.AppStore|ARM.ActiveCfg = Release|Any CPU
		{D21B4D1E-39B8-4F5C-99AE-7EAD494401BF}.AppStore|ARM.Build.0 = Release|Any CPU
		{D21B4D1E-39B8-4F5C-99AE-7EAD494401BF}.AppStore|iPhone.ActiveCfg = Release|Any CPU
		{D21B4D1E-39B8-4F5C-99AE-7EAD494401BF}.AppStore|iPhone.Build.0 = Release|Any CPU
		{D21B4D1E-39B8-4F5C-99AE-7EAD494401BF}.AppStore|iPhoneSimulator.ActiveCfg = Release|Any CPU
		{D21B4D1E-39B8-4F5C-99AE-7EAD494401BF}.AppStore|iPhoneSimulator.Build.0 = Release|Any CPU
		{D21B4D1E-39B8-4F5C-99AE-7EAD494401BF}.AppStore|x64.ActiveCfg = Release|Any CPU
		{D21B4D1E-39B8-4F5C-99AE-7EAD494401BF}.AppStore|x64.Build.0 = Release|Any CPU
		{D21B4D1E-39B8-4F5C-99AE-7EAD494401BF}.AppStore|x86.ActiveCfg = Release|Any CPU
		{D21B4D1E-39B8-4F5C-99AE-7EAD494401BF}.AppStore|x86.Build.0 = Release|Any CPU
		{D21B4D1E-39B8-4F5C-99AE-7EAD494401BF}.Debug|Any CPU.ActiveCfg = Debug|Any CPU
		{D21B4D1E-39B8-4F5C-99AE-7EAD494401BF}.Debug|Any CPU.Build.0 = Debug|Any CPU
		{D21B4D1E-39B8-4F5C-99AE-7EAD494401BF}.Debug|ARM.ActiveCfg = Debug|Any CPU
		{D21B4D1E-39B8-4F5C-99AE-7EAD494401BF}.Debug|ARM.Build.0 = Debug|Any CPU
		{D21B4D1E-39B8-4F5C-99AE-7EAD494401BF}.Debug|iPhone.ActiveCfg = Debug|Any CPU
		{D21B4D1E-39B8-4F5C-99AE-7EAD494401BF}.Debug|iPhone.Build.0 = Debug|Any CPU
		{D21B4D1E-39B8-4F5C-99AE-7EAD494401BF}.Debug|iPhoneSimulator.ActiveCfg = Debug|Any CPU
		{D21B4D1E-39B8-4F5C-99AE-7EAD494401BF}.Debug|iPhoneSimulator.Build.0 = Debug|Any CPU
		{D21B4D1E-39B8-4F5C-99AE-7EAD494401BF}.Debug|x64.ActiveCfg = Debug|Any CPU
		{D21B4D1E-39B8-4F5C-99AE-7EAD494401BF}.Debug|x64.Build.0 = Debug|Any CPU
		{D21B4D1E-39B8-4F5C-99AE-7EAD494401BF}.Debug|x86.ActiveCfg = Debug|Any CPU
		{D21B4D1E-39B8-4F5C-99AE-7EAD494401BF}.Debug|x86.Build.0 = Debug|Any CPU
		{D21B4D1E-39B8-4F5C-99AE-7EAD494401BF}.Release|Any CPU.ActiveCfg = Release|Any CPU
		{D21B4D1E-39B8-4F5C-99AE-7EAD494401BF}.Release|Any CPU.Build.0 = Release|Any CPU
		{D21B4D1E-39B8-4F5C-99AE-7EAD494401BF}.Release|ARM.ActiveCfg = Release|Any CPU
		{D21B4D1E-39B8-4F5C-99AE-7EAD494401BF}.Release|ARM.Build.0 = Release|Any CPU
		{D21B4D1E-39B8-4F5C-99AE-7EAD494401BF}.Release|iPhone.ActiveCfg = Release|Any CPU
		{D21B4D1E-39B8-4F5C-99AE-7EAD494401BF}.Release|iPhone.Build.0 = Release|Any CPU
		{D21B4D1E-39B8-4F5C-99AE-7EAD494401BF}.Release|iPhoneSimulator.ActiveCfg = Release|Any CPU
		{D21B4D1E-39B8-4F5C-99AE-7EAD494401BF}.Release|iPhoneSimulator.Build.0 = Release|Any CPU
		{D21B4D1E-39B8-4F5C-99AE-7EAD494401BF}.Release|x64.ActiveCfg = Release|Any CPU
		{D21B4D1E-39B8-4F5C-99AE-7EAD494401BF}.Release|x64.Build.0 = Release|Any CPU
		{D21B4D1E-39B8-4F5C-99AE-7EAD494401BF}.Release|x86.ActiveCfg = Release|Any CPU
		{D21B4D1E-39B8-4F5C-99AE-7EAD494401BF}.Release|x86.Build.0 = Release|Any CPU
		{AA91A3E4-F372-4D16-9C43-D0389FEE8600}.Ad-Hoc|Any CPU.ActiveCfg = Release|Any CPU
		{AA91A3E4-F372-4D16-9C43-D0389FEE8600}.Ad-Hoc|Any CPU.Build.0 = Release|Any CPU
		{AA91A3E4-F372-4D16-9C43-D0389FEE8600}.Ad-Hoc|Any CPU.Deploy.0 = Release|Any CPU
		{AA91A3E4-F372-4D16-9C43-D0389FEE8600}.Ad-Hoc|ARM.ActiveCfg = Release|Any CPU
		{AA91A3E4-F372-4D16-9C43-D0389FEE8600}.Ad-Hoc|ARM.Build.0 = Release|Any CPU
		{AA91A3E4-F372-4D16-9C43-D0389FEE8600}.Ad-Hoc|ARM.Deploy.0 = Release|Any CPU
		{AA91A3E4-F372-4D16-9C43-D0389FEE8600}.Ad-Hoc|iPhone.ActiveCfg = Release|Any CPU
		{AA91A3E4-F372-4D16-9C43-D0389FEE8600}.Ad-Hoc|iPhone.Build.0 = Release|Any CPU
		{AA91A3E4-F372-4D16-9C43-D0389FEE8600}.Ad-Hoc|iPhone.Deploy.0 = Release|Any CPU
		{AA91A3E4-F372-4D16-9C43-D0389FEE8600}.Ad-Hoc|iPhoneSimulator.ActiveCfg = Release|Any CPU
		{AA91A3E4-F372-4D16-9C43-D0389FEE8600}.Ad-Hoc|iPhoneSimulator.Build.0 = Release|Any CPU
		{AA91A3E4-F372-4D16-9C43-D0389FEE8600}.Ad-Hoc|iPhoneSimulator.Deploy.0 = Release|Any CPU
		{AA91A3E4-F372-4D16-9C43-D0389FEE8600}.Ad-Hoc|x64.ActiveCfg = Release|Any CPU
		{AA91A3E4-F372-4D16-9C43-D0389FEE8600}.Ad-Hoc|x64.Build.0 = Release|Any CPU
		{AA91A3E4-F372-4D16-9C43-D0389FEE8600}.Ad-Hoc|x64.Deploy.0 = Release|Any CPU
		{AA91A3E4-F372-4D16-9C43-D0389FEE8600}.Ad-Hoc|x86.ActiveCfg = Release|Any CPU
		{AA91A3E4-F372-4D16-9C43-D0389FEE8600}.Ad-Hoc|x86.Build.0 = Release|Any CPU
		{AA91A3E4-F372-4D16-9C43-D0389FEE8600}.Ad-Hoc|x86.Deploy.0 = Release|Any CPU
		{AA91A3E4-F372-4D16-9C43-D0389FEE8600}.AppStore|Any CPU.ActiveCfg = Release|Any CPU
		{AA91A3E4-F372-4D16-9C43-D0389FEE8600}.AppStore|Any CPU.Build.0 = Release|Any CPU
		{AA91A3E4-F372-4D16-9C43-D0389FEE8600}.AppStore|Any CPU.Deploy.0 = Release|Any CPU
		{AA91A3E4-F372-4D16-9C43-D0389FEE8600}.AppStore|ARM.ActiveCfg = Release|Any CPU
		{AA91A3E4-F372-4D16-9C43-D0389FEE8600}.AppStore|ARM.Build.0 = Release|Any CPU
		{AA91A3E4-F372-4D16-9C43-D0389FEE8600}.AppStore|ARM.Deploy.0 = Release|Any CPU
		{AA91A3E4-F372-4D16-9C43-D0389FEE8600}.AppStore|iPhone.ActiveCfg = Release|Any CPU
		{AA91A3E4-F372-4D16-9C43-D0389FEE8600}.AppStore|iPhone.Build.0 = Release|Any CPU
		{AA91A3E4-F372-4D16-9C43-D0389FEE8600}.AppStore|iPhone.Deploy.0 = Release|Any CPU
		{AA91A3E4-F372-4D16-9C43-D0389FEE8600}.AppStore|iPhoneSimulator.ActiveCfg = Release|Any CPU
		{AA91A3E4-F372-4D16-9C43-D0389FEE8600}.AppStore|iPhoneSimulator.Build.0 = Release|Any CPU
		{AA91A3E4-F372-4D16-9C43-D0389FEE8600}.AppStore|iPhoneSimulator.Deploy.0 = Release|Any CPU
		{AA91A3E4-F372-4D16-9C43-D0389FEE8600}.AppStore|x64.ActiveCfg = Release|Any CPU
		{AA91A3E4-F372-4D16-9C43-D0389FEE8600}.AppStore|x64.Build.0 = Release|Any CPU
		{AA91A3E4-F372-4D16-9C43-D0389FEE8600}.AppStore|x64.Deploy.0 = Release|Any CPU
		{AA91A3E4-F372-4D16-9C43-D0389FEE8600}.AppStore|x86.ActiveCfg = Release|Any CPU
		{AA91A3E4-F372-4D16-9C43-D0389FEE8600}.AppStore|x86.Build.0 = Release|Any CPU
		{AA91A3E4-F372-4D16-9C43-D0389FEE8600}.AppStore|x86.Deploy.0 = Release|Any CPU
		{AA91A3E4-F372-4D16-9C43-D0389FEE8600}.Debug|Any CPU.ActiveCfg = Debug|Any CPU
		{AA91A3E4-F372-4D16-9C43-D0389FEE8600}.Debug|Any CPU.Build.0 = Debug|Any CPU
		{AA91A3E4-F372-4D16-9C43-D0389FEE8600}.Debug|Any CPU.Deploy.0 = Debug|Any CPU
		{AA91A3E4-F372-4D16-9C43-D0389FEE8600}.Debug|ARM.ActiveCfg = Debug|Any CPU
		{AA91A3E4-F372-4D16-9C43-D0389FEE8600}.Debug|ARM.Build.0 = Debug|Any CPU
		{AA91A3E4-F372-4D16-9C43-D0389FEE8600}.Debug|ARM.Deploy.0 = Debug|Any CPU
		{AA91A3E4-F372-4D16-9C43-D0389FEE8600}.Debug|iPhone.ActiveCfg = Debug|Any CPU
		{AA91A3E4-F372-4D16-9C43-D0389FEE8600}.Debug|iPhone.Build.0 = Debug|Any CPU
		{AA91A3E4-F372-4D16-9C43-D0389FEE8600}.Debug|iPhone.Deploy.0 = Debug|Any CPU
		{AA91A3E4-F372-4D16-9C43-D0389FEE8600}.Debug|iPhoneSimulator.ActiveCfg = Debug|Any CPU
		{AA91A3E4-F372-4D16-9C43-D0389FEE8600}.Debug|iPhoneSimulator.Build.0 = Debug|Any CPU
		{AA91A3E4-F372-4D16-9C43-D0389FEE8600}.Debug|iPhoneSimulator.Deploy.0 = Debug|Any CPU
		{AA91A3E4-F372-4D16-9C43-D0389FEE8600}.Debug|x64.ActiveCfg = Debug|Any CPU
		{AA91A3E4-F372-4D16-9C43-D0389FEE8600}.Debug|x64.Build.0 = Debug|Any CPU
		{AA91A3E4-F372-4D16-9C43-D0389FEE8600}.Debug|x64.Deploy.0 = Debug|Any CPU
		{AA91A3E4-F372-4D16-9C43-D0389FEE8600}.Debug|x86.ActiveCfg = Debug|Any CPU
		{AA91A3E4-F372-4D16-9C43-D0389FEE8600}.Debug|x86.Build.0 = Debug|Any CPU
		{AA91A3E4-F372-4D16-9C43-D0389FEE8600}.Debug|x86.Deploy.0 = Debug|Any CPU
		{AA91A3E4-F372-4D16-9C43-D0389FEE8600}.Release|Any CPU.ActiveCfg = Release|Any CPU
		{AA91A3E4-F372-4D16-9C43-D0389FEE8600}.Release|Any CPU.Build.0 = Release|Any CPU
		{AA91A3E4-F372-4D16-9C43-D0389FEE8600}.Release|Any CPU.Deploy.0 = Release|Any CPU
		{AA91A3E4-F372-4D16-9C43-D0389FEE8600}.Release|ARM.ActiveCfg = Release|Any CPU
		{AA91A3E4-F372-4D16-9C43-D0389FEE8600}.Release|ARM.Build.0 = Release|Any CPU
		{AA91A3E4-F372-4D16-9C43-D0389FEE8600}.Release|ARM.Deploy.0 = Release|Any CPU
		{AA91A3E4-F372-4D16-9C43-D0389FEE8600}.Release|iPhone.ActiveCfg = Release|Any CPU
		{AA91A3E4-F372-4D16-9C43-D0389FEE8600}.Release|iPhone.Build.0 = Release|Any CPU
		{AA91A3E4-F372-4D16-9C43-D0389FEE8600}.Release|iPhone.Deploy.0 = Release|Any CPU
		{AA91A3E4-F372-4D16-9C43-D0389FEE8600}.Release|iPhoneSimulator.ActiveCfg = Release|Any CPU
		{AA91A3E4-F372-4D16-9C43-D0389FEE8600}.Release|iPhoneSimulator.Build.0 = Release|Any CPU
		{AA91A3E4-F372-4D16-9C43-D0389FEE8600}.Release|iPhoneSimulator.Deploy.0 = Release|Any CPU
		{AA91A3E4-F372-4D16-9C43-D0389FEE8600}.Release|x64.ActiveCfg = Release|Any CPU
		{AA91A3E4-F372-4D16-9C43-D0389FEE8600}.Release|x64.Build.0 = Release|Any CPU
		{AA91A3E4-F372-4D16-9C43-D0389FEE8600}.Release|x64.Deploy.0 = Release|Any CPU
		{AA91A3E4-F372-4D16-9C43-D0389FEE8600}.Release|x86.ActiveCfg = Release|Any CPU
		{AA91A3E4-F372-4D16-9C43-D0389FEE8600}.Release|x86.Build.0 = Release|Any CPU
		{AA91A3E4-F372-4D16-9C43-D0389FEE8600}.Release|x86.Deploy.0 = Release|Any CPU
		{593026C4-3B38-47D8-98BE-BFB5D0100119}.Ad-Hoc|Any CPU.ActiveCfg = Ad-Hoc|iPhone
		{593026C4-3B38-47D8-98BE-BFB5D0100119}.Ad-Hoc|ARM.ActiveCfg = Ad-Hoc|iPhone
		{593026C4-3B38-47D8-98BE-BFB5D0100119}.Ad-Hoc|iPhone.ActiveCfg = Ad-Hoc|iPhone
		{593026C4-3B38-47D8-98BE-BFB5D0100119}.Ad-Hoc|iPhone.Build.0 = Ad-Hoc|iPhone
		{593026C4-3B38-47D8-98BE-BFB5D0100119}.Ad-Hoc|iPhoneSimulator.ActiveCfg = Ad-Hoc|iPhoneSimulator
		{593026C4-3B38-47D8-98BE-BFB5D0100119}.Ad-Hoc|iPhoneSimulator.Build.0 = Ad-Hoc|iPhoneSimulator
		{593026C4-3B38-47D8-98BE-BFB5D0100119}.Ad-Hoc|x64.ActiveCfg = Ad-Hoc|iPhone
		{593026C4-3B38-47D8-98BE-BFB5D0100119}.Ad-Hoc|x86.ActiveCfg = Ad-Hoc|iPhone
		{593026C4-3B38-47D8-98BE-BFB5D0100119}.AppStore|Any CPU.ActiveCfg = AppStore|iPhone
		{593026C4-3B38-47D8-98BE-BFB5D0100119}.AppStore|ARM.ActiveCfg = AppStore|iPhone
		{593026C4-3B38-47D8-98BE-BFB5D0100119}.AppStore|iPhone.ActiveCfg = AppStore|iPhone
		{593026C4-3B38-47D8-98BE-BFB5D0100119}.AppStore|iPhone.Build.0 = AppStore|iPhone
		{593026C4-3B38-47D8-98BE-BFB5D0100119}.AppStore|iPhoneSimulator.ActiveCfg = AppStore|iPhoneSimulator
		{593026C4-3B38-47D8-98BE-BFB5D0100119}.AppStore|iPhoneSimulator.Build.0 = AppStore|iPhoneSimulator
		{593026C4-3B38-47D8-98BE-BFB5D0100119}.AppStore|x64.ActiveCfg = AppStore|iPhone
		{593026C4-3B38-47D8-98BE-BFB5D0100119}.AppStore|x86.ActiveCfg = AppStore|iPhone
		{593026C4-3B38-47D8-98BE-BFB5D0100119}.Debug|Any CPU.ActiveCfg = Debug|iPhone
		{593026C4-3B38-47D8-98BE-BFB5D0100119}.Debug|ARM.ActiveCfg = Debug|iPhone
		{593026C4-3B38-47D8-98BE-BFB5D0100119}.Debug|iPhone.ActiveCfg = Debug|iPhone
		{593026C4-3B38-47D8-98BE-BFB5D0100119}.Debug|iPhone.Build.0 = Debug|iPhone
		{593026C4-3B38-47D8-98BE-BFB5D0100119}.Debug|iPhoneSimulator.ActiveCfg = Debug|iPhoneSimulator
		{593026C4-3B38-47D8-98BE-BFB5D0100119}.Debug|iPhoneSimulator.Build.0 = Debug|iPhoneSimulator
		{593026C4-3B38-47D8-98BE-BFB5D0100119}.Debug|x64.ActiveCfg = Debug|iPhone
		{593026C4-3B38-47D8-98BE-BFB5D0100119}.Debug|x86.ActiveCfg = Debug|iPhone
		{593026C4-3B38-47D8-98BE-BFB5D0100119}.Release|Any CPU.ActiveCfg = Release|iPhone
		{593026C4-3B38-47D8-98BE-BFB5D0100119}.Release|ARM.ActiveCfg = Release|iPhone
		{593026C4-3B38-47D8-98BE-BFB5D0100119}.Release|iPhone.ActiveCfg = Release|iPhone
		{593026C4-3B38-47D8-98BE-BFB5D0100119}.Release|iPhone.Build.0 = Release|iPhone
		{593026C4-3B38-47D8-98BE-BFB5D0100119}.Release|iPhoneSimulator.ActiveCfg = Release|iPhoneSimulator
		{593026C4-3B38-47D8-98BE-BFB5D0100119}.Release|iPhoneSimulator.Build.0 = Release|iPhoneSimulator
		{593026C4-3B38-47D8-98BE-BFB5D0100119}.Release|x64.ActiveCfg = Release|iPhone
		{593026C4-3B38-47D8-98BE-BFB5D0100119}.Release|x86.ActiveCfg = Release|iPhone
		{13E53C9A-DAE6-400A-8AAC-4983A7929476}.Ad-Hoc|Any CPU.ActiveCfg = Release|x86
		{13E53C9A-DAE6-400A-8AAC-4983A7929476}.Ad-Hoc|Any CPU.Build.0 = Release|x86
		{13E53C9A-DAE6-400A-8AAC-4983A7929476}.Ad-Hoc|Any CPU.Deploy.0 = Release|x86
		{13E53C9A-DAE6-400A-8AAC-4983A7929476}.Ad-Hoc|ARM.ActiveCfg = Release|ARM
		{13E53C9A-DAE6-400A-8AAC-4983A7929476}.Ad-Hoc|ARM.Build.0 = Release|ARM
		{13E53C9A-DAE6-400A-8AAC-4983A7929476}.Ad-Hoc|ARM.Deploy.0 = Release|ARM
		{13E53C9A-DAE6-400A-8AAC-4983A7929476}.Ad-Hoc|iPhone.ActiveCfg = Release|x86
		{13E53C9A-DAE6-400A-8AAC-4983A7929476}.Ad-Hoc|iPhone.Build.0 = Release|x86
		{13E53C9A-DAE6-400A-8AAC-4983A7929476}.Ad-Hoc|iPhone.Deploy.0 = Release|x86
		{13E53C9A-DAE6-400A-8AAC-4983A7929476}.Ad-Hoc|iPhoneSimulator.ActiveCfg = Release|x86
		{13E53C9A-DAE6-400A-8AAC-4983A7929476}.Ad-Hoc|iPhoneSimulator.Build.0 = Release|x86
		{13E53C9A-DAE6-400A-8AAC-4983A7929476}.Ad-Hoc|iPhoneSimulator.Deploy.0 = Release|x86
		{13E53C9A-DAE6-400A-8AAC-4983A7929476}.Ad-Hoc|x64.ActiveCfg = Release|x64
		{13E53C9A-DAE6-400A-8AAC-4983A7929476}.Ad-Hoc|x64.Build.0 = Release|x64
		{13E53C9A-DAE6-400A-8AAC-4983A7929476}.Ad-Hoc|x64.Deploy.0 = Release|x64
		{13E53C9A-DAE6-400A-8AAC-4983A7929476}.Ad-Hoc|x86.ActiveCfg = Release|x86
		{13E53C9A-DAE6-400A-8AAC-4983A7929476}.Ad-Hoc|x86.Build.0 = Release|x86
		{13E53C9A-DAE6-400A-8AAC-4983A7929476}.Ad-Hoc|x86.Deploy.0 = Release|x86
		{13E53C9A-DAE6-400A-8AAC-4983A7929476}.AppStore|Any CPU.ActiveCfg = Release|x86
		{13E53C9A-DAE6-400A-8AAC-4983A7929476}.AppStore|Any CPU.Build.0 = Release|x86
		{13E53C9A-DAE6-400A-8AAC-4983A7929476}.AppStore|Any CPU.Deploy.0 = Release|x86
		{13E53C9A-DAE6-400A-8AAC-4983A7929476}.AppStore|ARM.ActiveCfg = Release|ARM
		{13E53C9A-DAE6-400A-8AAC-4983A7929476}.AppStore|ARM.Build.0 = Release|ARM
		{13E53C9A-DAE6-400A-8AAC-4983A7929476}.AppStore|ARM.Deploy.0 = Release|ARM
		{13E53C9A-DAE6-400A-8AAC-4983A7929476}.AppStore|iPhone.ActiveCfg = Release|x86
		{13E53C9A-DAE6-400A-8AAC-4983A7929476}.AppStore|iPhone.Build.0 = Release|x86
		{13E53C9A-DAE6-400A-8AAC-4983A7929476}.AppStore|iPhone.Deploy.0 = Release|x86
		{13E53C9A-DAE6-400A-8AAC-4983A7929476}.AppStore|iPhoneSimulator.ActiveCfg = Release|x86
		{13E53C9A-DAE6-400A-8AAC-4983A7929476}.AppStore|iPhoneSimulator.Build.0 = Release|x86
		{13E53C9A-DAE6-400A-8AAC-4983A7929476}.AppStore|iPhoneSimulator.Deploy.0 = Release|x86
		{13E53C9A-DAE6-400A-8AAC-4983A7929476}.AppStore|x64.ActiveCfg = Release|x64
		{13E53C9A-DAE6-400A-8AAC-4983A7929476}.AppStore|x64.Build.0 = Release|x64
		{13E53C9A-DAE6-400A-8AAC-4983A7929476}.AppStore|x64.Deploy.0 = Release|x64
		{13E53C9A-DAE6-400A-8AAC-4983A7929476}.AppStore|x86.ActiveCfg = Release|x86
		{13E53C9A-DAE6-400A-8AAC-4983A7929476}.AppStore|x86.Build.0 = Release|x86
		{13E53C9A-DAE6-400A-8AAC-4983A7929476}.AppStore|x86.Deploy.0 = Release|x86
		{13E53C9A-DAE6-400A-8AAC-4983A7929476}.Debug|Any CPU.ActiveCfg = Debug|x86
		{13E53C9A-DAE6-400A-8AAC-4983A7929476}.Debug|ARM.ActiveCfg = Debug|ARM
		{13E53C9A-DAE6-400A-8AAC-4983A7929476}.Debug|ARM.Build.0 = Debug|ARM
		{13E53C9A-DAE6-400A-8AAC-4983A7929476}.Debug|ARM.Deploy.0 = Debug|ARM
		{13E53C9A-DAE6-400A-8AAC-4983A7929476}.Debug|iPhone.ActiveCfg = Debug|x86
		{13E53C9A-DAE6-400A-8AAC-4983A7929476}.Debug|iPhoneSimulator.ActiveCfg = Debug|x86
		{13E53C9A-DAE6-400A-8AAC-4983A7929476}.Debug|x64.ActiveCfg = Debug|x64
		{13E53C9A-DAE6-400A-8AAC-4983A7929476}.Debug|x64.Build.0 = Debug|x64
		{13E53C9A-DAE6-400A-8AAC-4983A7929476}.Debug|x64.Deploy.0 = Debug|x64
		{13E53C9A-DAE6-400A-8AAC-4983A7929476}.Debug|x86.ActiveCfg = Debug|x86
		{13E53C9A-DAE6-400A-8AAC-4983A7929476}.Debug|x86.Build.0 = Debug|x86
		{13E53C9A-DAE6-400A-8AAC-4983A7929476}.Debug|x86.Deploy.0 = Debug|x86
		{13E53C9A-DAE6-400A-8AAC-4983A7929476}.Release|Any CPU.ActiveCfg = Release|x86
		{13E53C9A-DAE6-400A-8AAC-4983A7929476}.Release|ARM.ActiveCfg = Release|ARM
		{13E53C9A-DAE6-400A-8AAC-4983A7929476}.Release|ARM.Build.0 = Release|ARM
		{13E53C9A-DAE6-400A-8AAC-4983A7929476}.Release|ARM.Deploy.0 = Release|ARM
		{13E53C9A-DAE6-400A-8AAC-4983A7929476}.Release|iPhone.ActiveCfg = Release|x86
		{13E53C9A-DAE6-400A-8AAC-4983A7929476}.Release|iPhoneSimulator.ActiveCfg = Release|x86
		{13E53C9A-DAE6-400A-8AAC-4983A7929476}.Release|x64.ActiveCfg = Release|x64
		{13E53C9A-DAE6-400A-8AAC-4983A7929476}.Release|x64.Build.0 = Release|x64
		{13E53C9A-DAE6-400A-8AAC-4983A7929476}.Release|x64.Deploy.0 = Release|x64
		{13E53C9A-DAE6-400A-8AAC-4983A7929476}.Release|x86.ActiveCfg = Release|x86
		{13E53C9A-DAE6-400A-8AAC-4983A7929476}.Release|x86.Build.0 = Release|x86
		{13E53C9A-DAE6-400A-8AAC-4983A7929476}.Release|x86.Deploy.0 = Release|x86
		{1AD06004-FBE9-40BB-B74F-C52FE16AF179}.Ad-Hoc|Any CPU.ActiveCfg = Debug|Any CPU
		{1AD06004-FBE9-40BB-B74F-C52FE16AF179}.Ad-Hoc|Any CPU.Build.0 = Debug|Any CPU
		{1AD06004-FBE9-40BB-B74F-C52FE16AF179}.Ad-Hoc|ARM.ActiveCfg = Debug|Any CPU
		{1AD06004-FBE9-40BB-B74F-C52FE16AF179}.Ad-Hoc|ARM.Build.0 = Debug|Any CPU
		{1AD06004-FBE9-40BB-B74F-C52FE16AF179}.Ad-Hoc|iPhone.ActiveCfg = Debug|Any CPU
		{1AD06004-FBE9-40BB-B74F-C52FE16AF179}.Ad-Hoc|iPhone.Build.0 = Debug|Any CPU
		{1AD06004-FBE9-40BB-B74F-C52FE16AF179}.Ad-Hoc|iPhoneSimulator.ActiveCfg = Debug|Any CPU
		{1AD06004-FBE9-40BB-B74F-C52FE16AF179}.Ad-Hoc|iPhoneSimulator.Build.0 = Debug|Any CPU
		{1AD06004-FBE9-40BB-B74F-C52FE16AF179}.Ad-Hoc|x64.ActiveCfg = Debug|Any CPU
		{1AD06004-FBE9-40BB-B74F-C52FE16AF179}.Ad-Hoc|x64.Build.0 = Debug|Any CPU
		{1AD06004-FBE9-40BB-B74F-C52FE16AF179}.Ad-Hoc|x86.ActiveCfg = Debug|Any CPU
		{1AD06004-FBE9-40BB-B74F-C52FE16AF179}.Ad-Hoc|x86.Build.0 = Debug|Any CPU
		{1AD06004-FBE9-40BB-B74F-C52FE16AF179}.AppStore|Any CPU.ActiveCfg = Debug|Any CPU
		{1AD06004-FBE9-40BB-B74F-C52FE16AF179}.AppStore|Any CPU.Build.0 = Debug|Any CPU
		{1AD06004-FBE9-40BB-B74F-C52FE16AF179}.AppStore|ARM.ActiveCfg = Debug|Any CPU
		{1AD06004-FBE9-40BB-B74F-C52FE16AF179}.AppStore|ARM.Build.0 = Debug|Any CPU
		{1AD06004-FBE9-40BB-B74F-C52FE16AF179}.AppStore|iPhone.ActiveCfg = Debug|Any CPU
		{1AD06004-FBE9-40BB-B74F-C52FE16AF179}.AppStore|iPhone.Build.0 = Debug|Any CPU
		{1AD06004-FBE9-40BB-B74F-C52FE16AF179}.AppStore|iPhoneSimulator.ActiveCfg = Debug|Any CPU
		{1AD06004-FBE9-40BB-B74F-C52FE16AF179}.AppStore|iPhoneSimulator.Build.0 = Debug|Any CPU
		{1AD06004-FBE9-40BB-B74F-C52FE16AF179}.AppStore|x64.ActiveCfg = Debug|Any CPU
		{1AD06004-FBE9-40BB-B74F-C52FE16AF179}.AppStore|x64.Build.0 = Debug|Any CPU
		{1AD06004-FBE9-40BB-B74F-C52FE16AF179}.AppStore|x86.ActiveCfg = Debug|Any CPU
		{1AD06004-FBE9-40BB-B74F-C52FE16AF179}.AppStore|x86.Build.0 = Debug|Any CPU
		{1AD06004-FBE9-40BB-B74F-C52FE16AF179}.Debug|Any CPU.ActiveCfg = Debug|Any CPU
		{1AD06004-FBE9-40BB-B74F-C52FE16AF179}.Debug|Any CPU.Build.0 = Debug|Any CPU
		{1AD06004-FBE9-40BB-B74F-C52FE16AF179}.Debug|ARM.ActiveCfg = Debug|Any CPU
		{1AD06004-FBE9-40BB-B74F-C52FE16AF179}.Debug|ARM.Build.0 = Debug|Any CPU
		{1AD06004-FBE9-40BB-B74F-C52FE16AF179}.Debug|iPhone.ActiveCfg = Debug|Any CPU
		{1AD06004-FBE9-40BB-B74F-C52FE16AF179}.Debug|iPhone.Build.0 = Debug|Any CPU
		{1AD06004-FBE9-40BB-B74F-C52FE16AF179}.Debug|iPhoneSimulator.ActiveCfg = Debug|Any CPU
		{1AD06004-FBE9-40BB-B74F-C52FE16AF179}.Debug|iPhoneSimulator.Build.0 = Debug|Any CPU
		{1AD06004-FBE9-40BB-B74F-C52FE16AF179}.Debug|x64.ActiveCfg = Debug|Any CPU
		{1AD06004-FBE9-40BB-B74F-C52FE16AF179}.Debug|x64.Build.0 = Debug|Any CPU
		{1AD06004-FBE9-40BB-B74F-C52FE16AF179}.Debug|x86.ActiveCfg = Debug|Any CPU
		{1AD06004-FBE9-40BB-B74F-C52FE16AF179}.Debug|x86.Build.0 = Debug|Any CPU
		{1AD06004-FBE9-40BB-B74F-C52FE16AF179}.Release|Any CPU.ActiveCfg = Release|Any CPU
		{1AD06004-FBE9-40BB-B74F-C52FE16AF179}.Release|Any CPU.Build.0 = Release|Any CPU
		{1AD06004-FBE9-40BB-B74F-C52FE16AF179}.Release|ARM.ActiveCfg = Release|Any CPU
		{1AD06004-FBE9-40BB-B74F-C52FE16AF179}.Release|ARM.Build.0 = Release|Any CPU
		{1AD06004-FBE9-40BB-B74F-C52FE16AF179}.Release|iPhone.ActiveCfg = Release|Any CPU
		{1AD06004-FBE9-40BB-B74F-C52FE16AF179}.Release|iPhone.Build.0 = Release|Any CPU
		{1AD06004-FBE9-40BB-B74F-C52FE16AF179}.Release|iPhoneSimulator.ActiveCfg = Release|Any CPU
		{1AD06004-FBE9-40BB-B74F-C52FE16AF179}.Release|iPhoneSimulator.Build.0 = Release|Any CPU
		{1AD06004-FBE9-40BB-B74F-C52FE16AF179}.Release|x64.ActiveCfg = Release|Any CPU
		{1AD06004-FBE9-40BB-B74F-C52FE16AF179}.Release|x64.Build.0 = Release|Any CPU
		{1AD06004-FBE9-40BB-B74F-C52FE16AF179}.Release|x86.ActiveCfg = Release|Any CPU
		{1AD06004-FBE9-40BB-B74F-C52FE16AF179}.Release|x86.Build.0 = Release|Any CPU
	EndGlobalSection
	GlobalSection(SolutionProperties) = preSolution
		HideSolutionNode = FALSE
	EndGlobalSection
	GlobalSection(NestedProjects) = preSolution
		{F44681AD-EBAB-440E-820D-F12F2F62AC7F} = {67E8AAE7-C4F1-4209-9696-D78A9A5427F5}
		{C1C53173-786D-488C-B9AD-9EFAE29D3E86} = {67E8AAE7-C4F1-4209-9696-D78A9A5427F5}
		{20BC54F0-8191-4C65-872B-6F76E1D0D8A1} = {67E8AAE7-C4F1-4209-9696-D78A9A5427F5}
		{AA91A3E4-F372-4D16-9C43-D0389FEE8600} = {20BC54F0-8191-4C65-872B-6F76E1D0D8A1}
		{593026C4-3B38-47D8-98BE-BFB5D0100119} = {20BC54F0-8191-4C65-872B-6F76E1D0D8A1}
		{13E53C9A-DAE6-400A-8AAC-4983A7929476} = {20BC54F0-8191-4C65-872B-6F76E1D0D8A1}
		{1AD06004-FBE9-40BB-B74F-C52FE16AF179} = {20BC54F0-8191-4C65-872B-6F76E1D0D8A1}
	EndGlobalSection
	GlobalSection(ExtensibilityGlobals) = postSolution
		SolutionGuid = {65D40355-54BF-4351-A85C-6A8D91B4E64D}
	EndGlobalSection
EndGlobal
