
Microsoft Visual Studio Solution File, Format Version 12.00
# Visual Studio Version 16
VisualStudioVersion = 16.0.28803.352
MinimumVisualStudioVersion = 10.0.40219.1
Project("{2150E333-8FDC-42A3-9474-1A3956D46DE8}") = "Sample", "Sample", "{67E8AAE7-C4F1-4209-9696-D78A9A5427F5}"
EndProject
Project("{FAE04EC0-301F-11D3-BF4B-00C04F79EFBC}") = "Shiba.UWP.Sample", "Sample\Shiba.UWP.Sample\Shiba.UWP.Sample.csproj", "{F44681AD-EBAB-440E-820D-F12F2F62AC7F}"
EndProject
Project("{FAE04EC0-301F-11D3-BF4B-00C04F79EFBC}") = "Shiba", "Shiba\Shiba.csproj", "{3FF5CC7B-A8ED-4D59-A13A-E4E42714C798}"
EndProject
Project("{FAE04EC0-301F-11D3-BF4B-00C04F79EFBC}") = "ShibaTest", "ShibaTest\ShibaTest.csproj", "{CEDFBC78-447A-4879-89CB-BD65A102C1E6}"
EndProject
Global
	GlobalSection(SolutionConfigurationPlatforms) = preSolution
		Debug|Any CPU = Debug|Any CPU
		Debug|ARM = Debug|ARM
		Debug|ARM64 = Debug|ARM64
		Debug|x64 = Debug|x64
		Debug|x86 = Debug|x86
		Release|Any CPU = Release|Any CPU
		Release|ARM = Release|ARM
		Release|ARM64 = Release|ARM64
		Release|x64 = Release|x64
		Release|x86 = Release|x86
	EndGlobalSection
	GlobalSection(ProjectConfigurationPlatforms) = postSolution
		{F44681AD-EBAB-440E-820D-F12F2F62AC7F}.Debug|Any CPU.ActiveCfg = Debug|x86
		{F44681AD-EBAB-440E-820D-F12F2F62AC7F}.Debug|ARM.ActiveCfg = Debug|ARM
		{F44681AD-EBAB-440E-820D-F12F2F62AC7F}.Debug|ARM.Build.0 = Debug|ARM
		{F44681AD-EBAB-440E-820D-F12F2F62AC7F}.Debug|ARM.Deploy.0 = Debug|ARM
		{F44681AD-EBAB-440E-820D-F12F2F62AC7F}.Debug|ARM64.ActiveCfg = Debug|x86
		{F44681AD-EBAB-440E-820D-F12F2F62AC7F}.Debug|x64.ActiveCfg = Debug|x64
		{F44681AD-EBAB-440E-820D-F12F2F62AC7F}.Debug|x64.Build.0 = Debug|x64
		{F44681AD-EBAB-440E-820D-F12F2F62AC7F}.Debug|x64.Deploy.0 = Debug|x64
		{F44681AD-EBAB-440E-820D-F12F2F62AC7F}.Debug|x86.ActiveCfg = Debug|x86
		{F44681AD-EBAB-440E-820D-F12F2F62AC7F}.Debug|x86.Build.0 = Debug|x86
		{F44681AD-EBAB-440E-820D-F12F2F62AC7F}.Debug|x86.Deploy.0 = Debug|x86
		{F44681AD-EBAB-440E-820D-F12F2F62AC7F}.Release|Any CPU.ActiveCfg = Release|x86
		{F44681AD-EBAB-440E-820D-F12F2F62AC7F}.Release|ARM.ActiveCfg = Release|ARM
		{F44681AD-EBAB-440E-820D-F12F2F62AC7F}.Release|ARM.Build.0 = Release|ARM
		{F44681AD-EBAB-440E-820D-F12F2F62AC7F}.Release|ARM.Deploy.0 = Release|ARM
		{F44681AD-EBAB-440E-820D-F12F2F62AC7F}.Release|ARM64.ActiveCfg = Release|x86
		{F44681AD-EBAB-440E-820D-F12F2F62AC7F}.Release|x64.ActiveCfg = Release|x64
		{F44681AD-EBAB-440E-820D-F12F2F62AC7F}.Release|x64.Build.0 = Release|x64
		{F44681AD-EBAB-440E-820D-F12F2F62AC7F}.Release|x64.Deploy.0 = Release|x64
		{F44681AD-EBAB-440E-820D-F12F2F62AC7F}.Release|x86.ActiveCfg = Release|x86
		{F44681AD-EBAB-440E-820D-F12F2F62AC7F}.Release|x86.Build.0 = Release|x86
		{F44681AD-EBAB-440E-820D-F12F2F62AC7F}.Release|x86.Deploy.0 = Release|x86
		{3FF5CC7B-A8ED-4D59-A13A-E4E42714C798}.Debug|Any CPU.ActiveCfg = Debug|Any CPU
		{3FF5CC7B-A8ED-4D59-A13A-E4E42714C798}.Debug|Any CPU.Build.0 = Debug|Any CPU
		{3FF5CC7B-A8ED-4D59-A13A-E4E42714C798}.Debug|ARM.ActiveCfg = Debug|ARM
		{3FF5CC7B-A8ED-4D59-A13A-E4E42714C798}.Debug|ARM.Build.0 = Debug|ARM
		{3FF5CC7B-A8ED-4D59-A13A-E4E42714C798}.Debug|ARM64.ActiveCfg = Debug|ARM64
		{3FF5CC7B-A8ED-4D59-A13A-E4E42714C798}.Debug|ARM64.Build.0 = Debug|ARM64
		{3FF5CC7B-A8ED-4D59-A13A-E4E42714C798}.Debug|x64.ActiveCfg = Debug|x64
		{3FF5CC7B-A8ED-4D59-A13A-E4E42714C798}.Debug|x64.Build.0 = Debug|x64
		{3FF5CC7B-A8ED-4D59-A13A-E4E42714C798}.Debug|x86.ActiveCfg = Debug|x86
		{3FF5CC7B-A8ED-4D59-A13A-E4E42714C798}.Debug|x86.Build.0 = Debug|x86
		{3FF5CC7B-A8ED-4D59-A13A-E4E42714C798}.Release|Any CPU.ActiveCfg = Release|Any CPU
		{3FF5CC7B-A8ED-4D59-A13A-E4E42714C798}.Release|Any CPU.Build.0 = Release|Any CPU
		{3FF5CC7B-A8ED-4D59-A13A-E4E42714C798}.Release|ARM.ActiveCfg = Release|ARM
		{3FF5CC7B-A8ED-4D59-A13A-E4E42714C798}.Release|ARM.Build.0 = Release|ARM
		{3FF5CC7B-A8ED-4D59-A13A-E4E42714C798}.Release|ARM64.ActiveCfg = Release|ARM64
		{3FF5CC7B-A8ED-4D59-A13A-E4E42714C798}.Release|ARM64.Build.0 = Release|ARM64
		{3FF5CC7B-A8ED-4D59-A13A-E4E42714C798}.Release|x64.ActiveCfg = Release|x64
		{3FF5CC7B-A8ED-4D59-A13A-E4E42714C798}.Release|x64.Build.0 = Release|x64
		{3FF5CC7B-A8ED-4D59-A13A-E4E42714C798}.Release|x86.ActiveCfg = Release|x86
		{3FF5CC7B-A8ED-4D59-A13A-E4E42714C798}.Release|x86.Build.0 = Release|x86
		{CEDFBC78-447A-4879-89CB-BD65A102C1E6}.Debug|Any CPU.ActiveCfg = Debug|x86
		{CEDFBC78-447A-4879-89CB-BD65A102C1E6}.Debug|ARM.ActiveCfg = Debug|ARM
		{CEDFBC78-447A-4879-89CB-BD65A102C1E6}.Debug|ARM.Build.0 = Debug|ARM
		{CEDFBC78-447A-4879-89CB-BD65A102C1E6}.Debug|ARM.Deploy.0 = Debug|ARM
		{CEDFBC78-447A-4879-89CB-BD65A102C1E6}.Debug|ARM64.ActiveCfg = Debug|ARM64
		{CEDFBC78-447A-4879-89CB-BD65A102C1E6}.Debug|ARM64.Build.0 = Debug|ARM64
		{CEDFBC78-447A-4879-89CB-BD65A102C1E6}.Debug|ARM64.Deploy.0 = Debug|ARM64
		{CEDFBC78-447A-4879-89CB-BD65A102C1E6}.Debug|x64.ActiveCfg = Debug|x64
		{CEDFBC78-447A-4879-89CB-BD65A102C1E6}.Debug|x64.Build.0 = Debug|x64
		{CEDFBC78-447A-4879-89CB-BD65A102C1E6}.Debug|x64.Deploy.0 = Debug|x64
		{CEDFBC78-447A-4879-89CB-BD65A102C1E6}.Debug|x86.ActiveCfg = Debug|x86
		{CEDFBC78-447A-4879-89CB-BD65A102C1E6}.Debug|x86.Build.0 = Debug|x86
		{CEDFBC78-447A-4879-89CB-BD65A102C1E6}.Debug|x86.Deploy.0 = Debug|x86
		{CEDFBC78-447A-4879-89CB-BD65A102C1E6}.Release|Any CPU.ActiveCfg = Release|x86
		{CEDFBC78-447A-4879-89CB-BD65A102C1E6}.Release|ARM.ActiveCfg = Release|ARM
		{CEDFBC78-447A-4879-89CB-BD65A102C1E6}.Release|ARM.Build.0 = Release|ARM
		{CEDFBC78-447A-4879-89CB-BD65A102C1E6}.Release|ARM.Deploy.0 = Release|ARM
		{CEDFBC78-447A-4879-89CB-BD65A102C1E6}.Release|ARM64.ActiveCfg = Release|ARM64
		{CEDFBC78-447A-4879-89CB-BD65A102C1E6}.Release|ARM64.Build.0 = Release|ARM64
		{CEDFBC78-447A-4879-89CB-BD65A102C1E6}.Release|ARM64.Deploy.0 = Release|ARM64
		{CEDFBC78-447A-4879-89CB-BD65A102C1E6}.Release|x64.ActiveCfg = Release|x64
		{CEDFBC78-447A-4879-89CB-BD65A102C1E6}.Release|x64.Build.0 = Release|x64
		{CEDFBC78-447A-4879-89CB-BD65A102C1E6}.Release|x64.Deploy.0 = Release|x64
		{CEDFBC78-447A-4879-89CB-BD65A102C1E6}.Release|x86.ActiveCfg = Release|x86
		{CEDFBC78-447A-4879-89CB-BD65A102C1E6}.Release|x86.Build.0 = Release|x86
		{CEDFBC78-447A-4879-89CB-BD65A102C1E6}.Release|x86.Deploy.0 = Release|x86
	EndGlobalSection
	GlobalSection(SolutionProperties) = preSolution
		HideSolutionNode = FALSE
	EndGlobalSection
	GlobalSection(NestedProjects) = preSolution
		{F44681AD-EBAB-440E-820D-F12F2F62AC7F} = {67E8AAE7-C4F1-4209-9696-D78A9A5427F5}
	EndGlobalSection
	GlobalSection(ExtensibilityGlobals) = postSolution
		SolutionGuid = {65D40355-54BF-4351-A85C-6A8D91B4E64D}
	EndGlobalSection
EndGlobal
